// !$*UTF8*$!
{
	archiveVersion = 1;
	classes = {
	};
	objectVersion = 46;
	objects = {

/* Begin PBXBuildFile section */
		A50620411C157B7D00195DCF /* UINavigationController+FDFullscreenPopGesture.m in Sources */ = {isa = PBXBuildFile; fileRef = A50620401C157B7D00195DCF /* UINavigationController+FDFullscreenPopGesture.m */; };
		A5132BBE1BDBB5EA00B4C3DB /* AddItemVC.swift in Sources */ = {isa = PBXBuildFile; fileRef = A5132BBD1BDBB5EA00B4C3DB /* AddItemVC.swift */; };
		A51908AF1C106E4C0018039A /* idFinder.swift in Sources */ = {isa = PBXBuildFile; fileRef = A51908AE1C106E4C0018039A /* idFinder.swift */; };
		A534BE951C0EC9FF00770171 /* GuidePage.swift in Sources */ = {isa = PBXBuildFile; fileRef = A534BE941C0EC9FF00770171 /* GuidePage.swift */; };
		A534BE971C0F23CD00770171 /* AddGalleryVC.swift in Sources */ = {isa = PBXBuildFile; fileRef = A534BE961C0F23CD00770171 /* AddGalleryVC.swift */; };
		A552326A1C0467AB00A0AA2A /* Alamofire.framework in Frameworks */ = {isa = PBXBuildFile; fileRef = A552325D1C04679D00A0AA2A /* Alamofire.framework */; };
		A552326B1C0467AB00A0AA2A /* Alamofire.framework in Embed Frameworks */ = {isa = PBXBuildFile; fileRef = A552325D1C04679D00A0AA2A /* Alamofire.framework */; settings = {ATTRIBUTES = (CodeSignOnCopy, RemoveHeadersOnCopy, ); }; };
		A55232751C04717C00A0AA2A /* libWeChatSDK.a in Frameworks */ = {isa = PBXBuildFile; fileRef = A55232711C04717C00A0AA2A /* libWeChatSDK.a */; };
		A55232791C0472D000A0AA2A /* libz.tbd in Frameworks */ = {isa = PBXBuildFile; fileRef = A55232781C0472D000A0AA2A /* libz.tbd */; };
		A552327B1C0472F300A0AA2A /* libsqlite3.tbd in Frameworks */ = {isa = PBXBuildFile; fileRef = A552327A1C0472F300A0AA2A /* libsqlite3.tbd */; };
		A552327E1C0475AE00A0AA2A /* libc++.tbd in Frameworks */ = {isa = PBXBuildFile; fileRef = A552327D1C0475AE00A0AA2A /* libc++.tbd */; };
		A55C94381C5DA9FD004367B0 /* EditNameVC.swift in Sources */ = {isa = PBXBuildFile; fileRef = A55C94371C5DA9FD004367B0 /* EditNameVC.swift */; };
		A56311B21C96B3640002FF5E /* JGActionSheet.m in Sources */ = {isa = PBXBuildFile; fileRef = A56311B11C96B3640002FF5E /* JGActionSheet.m */; };
		A56311BE1C9831070002FF5E /* JMCollectionItem.m in Sources */ = {isa = PBXBuildFile; fileRef = A56311BD1C9831070002FF5E /* JMCollectionItem.m */; };
		A56311D21C9ADEAA0002FF5E /* NotificationVC.swift in Sources */ = {isa = PBXBuildFile; fileRef = A56311D11C9ADEAA0002FF5E /* NotificationVC.swift */; };
		A56312121C9FC0580002FF5E /* WeiboSDK.bundle in Resources */ = {isa = PBXBuildFile; fileRef = A563120E1C9FC0580002FF5E /* WeiboSDK.bundle */; };
		A563121D1C9FC99C0002FF5E /* Security.framework in Frameworks */ = {isa = PBXBuildFile; fileRef = A563121C1C9FC99C0002FF5E /* Security.framework */; };
		A563121E1C9FC9AC0002FF5E /* CoreTelephony.framework in Frameworks */ = {isa = PBXBuildFile; fileRef = A552326E1C0470FE00A0AA2A /* CoreTelephony.framework */; };
		A56312201C9FC9BA0002FF5E /* CoreText.framework in Frameworks */ = {isa = PBXBuildFile; fileRef = A563121F1C9FC9BA0002FF5E /* CoreText.framework */; };
		A56312211C9FC9D20002FF5E /* CoreGraphics.framework in Frameworks */ = {isa = PBXBuildFile; fileRef = A5BEE48A1C63B1FB00F5B610 /* CoreGraphics.framework */; };
		A56312221C9FCA130002FF5E /* QuartzCore.framework in Frameworks */ = {isa = PBXBuildFile; fileRef = A5EF35751C664EF800F61BB0 /* QuartzCore.framework */; };
		A56312231C9FCA200002FF5E /* SystemConfiguration.framework in Frameworks */ = {isa = PBXBuildFile; fileRef = A55232761C04729200A0AA2A /* SystemConfiguration.framework */; };
		A56312241C9FCA350002FF5E /* ImageIO.framework in Frameworks */ = {isa = PBXBuildFile; fileRef = A56312141C9FC91F0002FF5E /* ImageIO.framework */; };
		A56312341C9FE6600002FF5E /* libWeiboSDK.a in Frameworks */ = {isa = PBXBuildFile; fileRef = A56312041C9FC0580002FF5E /* libWeiboSDK.a */; };
		A5799ED21C659DCE009660D1 /* LCActionSheet.bundle in Resources */ = {isa = PBXBuildFile; fileRef = A5799ECF1C659DCE009660D1 /* LCActionSheet.bundle */; };
		A5799ED31C659DCE009660D1 /* LCActionSheet.m in Sources */ = {isa = PBXBuildFile; fileRef = A5799ED11C659DCE009660D1 /* LCActionSheet.m */; };
		A58270B91C880B8400F13713 /* ServerContactorDelegates.swift in Sources */ = {isa = PBXBuildFile; fileRef = A58270B81C880B8400F13713 /* ServerContactorDelegates.swift */; };
		A58270ED1C885E9000F13713 /* .gitkeep in Resources */ = {isa = PBXBuildFile; fileRef = A58270CA1C885E9000F13713 /* .gitkeep */; };
		A58270EE1C885E9000F13713 /* JMActionSheet.m in Sources */ = {isa = PBXBuildFile; fileRef = A58270CC1C885E9000F13713 /* JMActionSheet.m */; };
		A58270EF1C885E9000F13713 /* JMActionSheetCollectionImageCell.m in Sources */ = {isa = PBXBuildFile; fileRef = A58270CE1C885E9000F13713 /* JMActionSheetCollectionImageCell.m */; };
		A58270F01C885E9000F13713 /* JMActionSheetCollectionItem.m in Sources */ = {isa = PBXBuildFile; fileRef = A58270D01C885E9000F13713 /* JMActionSheetCollectionItem.m */; };
		A58270F11C885E9000F13713 /* JMActionSheetCollectionItemCell.m in Sources */ = {isa = PBXBuildFile; fileRef = A58270D21C885E9000F13713 /* JMActionSheetCollectionItemCell.m */; };
		A58270F21C885E9000F13713 /* JMActionSheetCollectionViewController.m in Sources */ = {isa = PBXBuildFile; fileRef = A58270D41C885E9000F13713 /* JMActionSheetCollectionViewController.m */; };
		A58270F31C885E9000F13713 /* JMActionSheetDescription.m in Sources */ = {isa = PBXBuildFile; fileRef = A58270D61C885E9000F13713 /* JMActionSheetDescription.m */; };
		A58270F41C885E9000F13713 /* JMActionSheetImageItem.m in Sources */ = {isa = PBXBuildFile; fileRef = A58270D81C885E9000F13713 /* JMActionSheetImageItem.m */; };
		A58270F51C885E9000F13713 /* JMActionSheetImagesItem.m in Sources */ = {isa = PBXBuildFile; fileRef = A58270DA1C885E9000F13713 /* JMActionSheetImagesItem.m */; };
		A58270F61C885E9000F13713 /* JMActionSheetItem.m in Sources */ = {isa = PBXBuildFile; fileRef = A58270DC1C885E9000F13713 /* JMActionSheetItem.m */; };
		A58270F71C885E9000F13713 /* JMActionSheetItemControl.m in Sources */ = {isa = PBXBuildFile; fileRef = A58270DE1C885E9000F13713 /* JMActionSheetItemControl.m */; };
		A58270F81C885E9000F13713 /* JMActionSheetPickerItem.m in Sources */ = {isa = PBXBuildFile; fileRef = A58270E01C885E9000F13713 /* JMActionSheetPickerItem.m */; };
		A58270F91C885E9000F13713 /* JMActionSheetViewController+CollectionView.m in Sources */ = {isa = PBXBuildFile; fileRef = A58270E21C885E9000F13713 /* JMActionSheetViewController+CollectionView.m */; };
		A58270FA1C885E9000F13713 /* JMActionSheetViewController+PickerViewItem.m in Sources */ = {isa = PBXBuildFile; fileRef = A58270E41C885E9000F13713 /* JMActionSheetViewController+PickerViewItem.m */; };
		A58270FB1C885E9000F13713 /* JMActionSheetViewController.m in Sources */ = {isa = PBXBuildFile; fileRef = A58270E61C885E9000F13713 /* JMActionSheetViewController.m */; };
		A58270FC1C885E9000F13713 /* JMImagesActionSheet.m in Sources */ = {isa = PBXBuildFile; fileRef = A58270E81C885E9000F13713 /* JMImagesActionSheet.m */; };
		A58270FD1C885E9000F13713 /* JMPickerActionSheet.m in Sources */ = {isa = PBXBuildFile; fileRef = A58270EA1C885E9000F13713 /* JMPickerActionSheet.m */; };
		A58270FE1C885E9000F13713 /* UIView+JMActionSheet.m in Sources */ = {isa = PBXBuildFile; fileRef = A58270EC1C885E9000F13713 /* UIView+JMActionSheet.m */; };
		A59354C31BD5C4FD0044E7B3 /* LaunchScreen.swift in Sources */ = {isa = PBXBuildFile; fileRef = A59354C21BD5C4FD0044E7B3 /* LaunchScreen.swift */; };
		A593550B1BD669080044E7B3 /* LoginVC.swift in Sources */ = {isa = PBXBuildFile; fileRef = A593550A1BD669080044E7B3 /* LoginVC.swift */; };
		A593550D1BD66EA90044E7B3 /* TodayGalleryCT.swift in Sources */ = {isa = PBXBuildFile; fileRef = A593550C1BD66EA90044E7B3 /* TodayGalleryCT.swift */; };
		A59355111BD672480044E7B3 /* TodayVC.swift in Sources */ = {isa = PBXBuildFile; fileRef = A59355101BD672480044E7B3 /* TodayVC.swift */; };
		A59355181BD782100044E7B3 /* ContactWithServer.swift in Sources */ = {isa = PBXBuildFile; fileRef = A59355171BD782100044E7B3 /* ContactWithServer.swift */; };
		A59355251BD7854B0044E7B3 /* UserModel.swift in Sources */ = {isa = PBXBuildFile; fileRef = A59355241BD7854B0044E7B3 /* UserModel.swift */; };
		A593552D1BD7983F0044E7B3 /* ApiManager.swift in Sources */ = {isa = PBXBuildFile; fileRef = A593552C1BD7983F0044E7B3 /* ApiManager.swift */; };
		A593553F1BD7B1440044E7B3 /* SelfMuseumVC.swift in Sources */ = {isa = PBXBuildFile; fileRef = A593553E1BD7B1440044E7B3 /* SelfMuseumVC.swift */; };
		A593554B1BD7D1370044E7B3 /* SelfGalleryCT.swift in Sources */ = {isa = PBXBuildFile; fileRef = A593554A1BD7D1370044E7B3 /* SelfGalleryCT.swift */; };
		A5B33DCA1C4A432B00565972 /* SettingVC.swift in Sources */ = {isa = PBXBuildFile; fileRef = A5B33DC91C4A432B00565972 /* SettingVC.swift */; };
		A5B33DE91C4B7DE700565972 /* AllTodaysVC.swift in Sources */ = {isa = PBXBuildFile; fileRef = A5B33DE81C4B7DE700565972 /* AllTodaysVC.swift */; };
		A5BEE4731C638A0400F5B610 /* EditDescriptionVC.swift in Sources */ = {isa = PBXBuildFile; fileRef = A5BEE4721C638A0400F5B610 /* EditDescriptionVC.swift */; };
		A5BEE4811C638A2400F5B610 /* FeedbackVC.swift in Sources */ = {isa = PBXBuildFile; fileRef = A5BEE4801C638A2400F5B610 /* FeedbackVC.swift */; };
		A5BEE4861C63964900F5B610 /* BRPlaceholderTextView.m in Sources */ = {isa = PBXBuildFile; fileRef = A5BEE4851C63964900F5B610 /* BRPlaceholderTextView.m */; };
		A5BEE4891C63B00C00F5B610 /* MBProgressHUD.m in Sources */ = {isa = PBXBuildFile; fileRef = A5BEE4881C63B00C00F5B610 /* MBProgressHUD.m */; };
		A5BFFD141BE4D2A100D5A866 /* ItemDetailVC.swift in Sources */ = {isa = PBXBuildFile; fileRef = A5BFFD131BE4D2A100D5A866 /* ItemDetailVC.swift */; };
		A5BFFD581BE8E7C800D5A866 /* LoginProtocol.swift in Sources */ = {isa = PBXBuildFile; fileRef = A5BFFD561BE8E7C800D5A866 /* LoginProtocol.swift */; };
		A5C5D92A1C66753900164093 /* Launch Screen.storyboard in Resources */ = {isa = PBXBuildFile; fileRef = A5C5D9291C66753900164093 /* Launch Screen.storyboard */; };
		A5C5D9471C6715EA00164093 /* JGProgressHUD Resources.bundle in Resources */ = {isa = PBXBuildFile; fileRef = A5C5D92F1C6715EA00164093 /* JGProgressHUD Resources.bundle */; };
		A5C5D9481C6715EA00164093 /* JGProgressHUD.m in Sources */ = {isa = PBXBuildFile; fileRef = A5C5D9321C6715EA00164093 /* JGProgressHUD.m */; };
		A5C5D9491C6715EA00164093 /* JGProgressHUDAnimation.m in Sources */ = {isa = PBXBuildFile; fileRef = A5C5D9341C6715EA00164093 /* JGProgressHUDAnimation.m */; };
		A5C5D94A1C6715EA00164093 /* JGProgressHUDErrorIndicatorView.m in Sources */ = {isa = PBXBuildFile; fileRef = A5C5D9361C6715EA00164093 /* JGProgressHUDErrorIndicatorView.m */; };
		A5C5D94B1C6715EA00164093 /* JGProgressHUDFadeAnimation.m in Sources */ = {isa = PBXBuildFile; fileRef = A5C5D9381C6715EA00164093 /* JGProgressHUDFadeAnimation.m */; };
		A5C5D94C1C6715EA00164093 /* JGProgressHUDFadeZoomAnimation.m in Sources */ = {isa = PBXBuildFile; fileRef = A5C5D93A1C6715EA00164093 /* JGProgressHUDFadeZoomAnimation.m */; };
		A5C5D94D1C6715EA00164093 /* JGProgressHUDImageIndicatorView.m in Sources */ = {isa = PBXBuildFile; fileRef = A5C5D93C1C6715EA00164093 /* JGProgressHUDImageIndicatorView.m */; };
		A5C5D94E1C6715EA00164093 /* JGProgressHUDIndeterminateIndicatorView.m in Sources */ = {isa = PBXBuildFile; fileRef = A5C5D93E1C6715EA00164093 /* JGProgressHUDIndeterminateIndicatorView.m */; };
		A5C5D94F1C6715EA00164093 /* JGProgressHUDIndicatorView.m in Sources */ = {isa = PBXBuildFile; fileRef = A5C5D9401C6715EA00164093 /* JGProgressHUDIndicatorView.m */; };
		A5C5D9501C6715EA00164093 /* JGProgressHUDPieIndicatorView.m in Sources */ = {isa = PBXBuildFile; fileRef = A5C5D9421C6715EA00164093 /* JGProgressHUDPieIndicatorView.m */; };
		A5C5D9511C6715EA00164093 /* JGProgressHUDRingIndicatorView.m in Sources */ = {isa = PBXBuildFile; fileRef = A5C5D9441C6715EA00164093 /* JGProgressHUDRingIndicatorView.m */; };
		A5C5D9521C6715EA00164093 /* JGProgressHUDSuccessIndicatorView.m in Sources */ = {isa = PBXBuildFile; fileRef = A5C5D9461C6715EA00164093 /* JGProgressHUDSuccessIndicatorView.m */; };
		A5CEE6241BD0DB3C00AAF122 /* AppDelegate.swift in Sources */ = {isa = PBXBuildFile; fileRef = A5CEE6231BD0DB3C00AAF122 /* AppDelegate.swift */; };
		A5CEE6291BD0DB3C00AAF122 /* Main.storyboard in Resources */ = {isa = PBXBuildFile; fileRef = A5CEE6271BD0DB3C00AAF122 /* Main.storyboard */; };
		A5CEE62B1BD0DB3C00AAF122 /* Assets.xcassets in Resources */ = {isa = PBXBuildFile; fileRef = A5CEE62A1BD0DB3C00AAF122 /* Assets.xcassets */; };
		A5CEE6871BD0DC3000AAF122 /* SwiftyJSON.framework in Frameworks */ = {isa = PBXBuildFile; fileRef = A5CEE67E1BD0DC2000AAF122 /* SwiftyJSON.framework */; };
		A5CEE6881BD0DC3000AAF122 /* SwiftyJSON.framework in Embed Frameworks */ = {isa = PBXBuildFile; fileRef = A5CEE67E1BD0DC2000AAF122 /* SwiftyJSON.framework */; settings = {ATTRIBUTES = (CodeSignOnCopy, RemoveHeadersOnCopy, ); }; };
		A5CEE68F1BD0DC4500AAF122 /* Kingfisher.framework in Frameworks */ = {isa = PBXBuildFile; fileRef = A5CEE66C1BD0DC1600AAF122 /* Kingfisher.framework */; };
		A5CEE6901BD0DC4500AAF122 /* Kingfisher.framework in Embed Frameworks */ = {isa = PBXBuildFile; fileRef = A5CEE66C1BD0DC1600AAF122 /* Kingfisher.framework */; settings = {ATTRIBUTES = (CodeSignOnCopy, RemoveHeadersOnCopy, ); }; };
		A5EB70AD1BE38AD20075D559 /* GalleryDetailVC.swift in Sources */ = {isa = PBXBuildFile; fileRef = A5EB70AC1BE38AD20075D559 /* GalleryDetailVC.swift */; };
		A5EF35621C66267C00F61BB0 /* SCLAlertView.m in Sources */ = {isa = PBXBuildFile; fileRef = A5EF35541C66267C00F61BB0 /* SCLAlertView.m */; };
		A5EF35631C66267C00F61BB0 /* SCLAlertViewResponder.m in Sources */ = {isa = PBXBuildFile; fileRef = A5EF35561C66267C00F61BB0 /* SCLAlertViewResponder.m */; };
		A5EF35641C66267C00F61BB0 /* SCLAlertViewStyleKit.m in Sources */ = {isa = PBXBuildFile; fileRef = A5EF35581C66267C00F61BB0 /* SCLAlertViewStyleKit.m */; };
		A5EF35651C66267C00F61BB0 /* SCLButton.m in Sources */ = {isa = PBXBuildFile; fileRef = A5EF355A1C66267C00F61BB0 /* SCLButton.m */; };
		A5EF35661C66267C00F61BB0 /* SCLTextView.m in Sources */ = {isa = PBXBuildFile; fileRef = A5EF355D1C66267C00F61BB0 /* SCLTextView.m */; };
		A5EF35671C66267C00F61BB0 /* SCLTimerDisplay.m in Sources */ = {isa = PBXBuildFile; fileRef = A5EF355F1C66267C00F61BB0 /* SCLTimerDisplay.m */; };
		A5EF35681C66267C00F61BB0 /* UIImage+ImageEffects.m in Sources */ = {isa = PBXBuildFile; fileRef = A5EF35611C66267C00F61BB0 /* UIImage+ImageEffects.m */; };
		A5EF357A1C6652AD00F61BB0 /* UIScrollView+EmptyDataSet.m in Sources */ = {isa = PBXBuildFile; fileRef = A5EF35791C6652AD00F61BB0 /* UIScrollView+EmptyDataSet.m */; };
/* End PBXBuildFile section */

/* Begin PBXContainerItemProxy section */
		A552325C1C04679D00A0AA2A /* PBXContainerItemProxy */ = {
			isa = PBXContainerItemProxy;
			containerPortal = A55232521C04679C00A0AA2A /* Alamofire.xcodeproj */;
			proxyType = 2;
			remoteGlobalIDString = F8111E3319A95C8B0040E7D1;
			remoteInfo = "Alamofire iOS";
		};
		A552325E1C04679D00A0AA2A /* PBXContainerItemProxy */ = {
			isa = PBXContainerItemProxy;
			containerPortal = A55232521C04679C00A0AA2A /* Alamofire.xcodeproj */;
			proxyType = 2;
			remoteGlobalIDString = F8111E3E19A95C8B0040E7D1;
			remoteInfo = "Alamofire iOS Tests";
		};
		A55232601C04679D00A0AA2A /* PBXContainerItemProxy */ = {
			isa = PBXContainerItemProxy;
			containerPortal = A55232521C04679C00A0AA2A /* Alamofire.xcodeproj */;
			proxyType = 2;
			remoteGlobalIDString = 4DD67C0B1A5C55C900ED2280;
			remoteInfo = "Alamofire OSX";
		};
		A55232621C04679D00A0AA2A /* PBXContainerItemProxy */ = {
			isa = PBXContainerItemProxy;
			containerPortal = A55232521C04679C00A0AA2A /* Alamofire.xcodeproj */;
			proxyType = 2;
			remoteGlobalIDString = F829C6B21A7A94F100A2CD59;
			remoteInfo = "Alamofire OSX Tests";
		};
		A55232641C04679D00A0AA2A /* PBXContainerItemProxy */ = {
			isa = PBXContainerItemProxy;
			containerPortal = A55232521C04679C00A0AA2A /* Alamofire.xcodeproj */;
			proxyType = 2;
			remoteGlobalIDString = 4CF626EF1BA7CB3E0011A099;
			remoteInfo = "Alamofire tvOS";
		};
		A55232661C04679D00A0AA2A /* PBXContainerItemProxy */ = {
			isa = PBXContainerItemProxy;
			containerPortal = A55232521C04679C00A0AA2A /* Alamofire.xcodeproj */;
			proxyType = 2;
			remoteGlobalIDString = 4CF626F81BA7CB3E0011A099;
			remoteInfo = "Alamofire tvOS Tests";
		};
		A55232681C04679D00A0AA2A /* PBXContainerItemProxy */ = {
			isa = PBXContainerItemProxy;
			containerPortal = A55232521C04679C00A0AA2A /* Alamofire.xcodeproj */;
			proxyType = 2;
			remoteGlobalIDString = E4202FE01B667AA100C997FB;
			remoteInfo = "Alamofire watchOS";
		};
		A552326C1C0467AB00A0AA2A /* PBXContainerItemProxy */ = {
			isa = PBXContainerItemProxy;
			containerPortal = A55232521C04679C00A0AA2A /* Alamofire.xcodeproj */;
			proxyType = 1;
			remoteGlobalIDString = F8111E3219A95C8B0040E7D1;
			remoteInfo = "Alamofire iOS";
		};
		A5CEE6351BD0DB3C00AAF122 /* PBXContainerItemProxy */ = {
			isa = PBXContainerItemProxy;
			containerPortal = A5CEE6181BD0DB3C00AAF122 /* Project object */;
			proxyType = 1;
			remoteGlobalIDString = A5CEE61F1BD0DB3C00AAF122;
			remoteInfo = "hiwu-ios";
		};
		A5CEE6401BD0DB3C00AAF122 /* PBXContainerItemProxy */ = {
			isa = PBXContainerItemProxy;
			containerPortal = A5CEE6181BD0DB3C00AAF122 /* Project object */;
			proxyType = 1;
			remoteGlobalIDString = A5CEE61F1BD0DB3C00AAF122;
			remoteInfo = "hiwu-ios";
		};
		A5CEE6691BD0DC1600AAF122 /* PBXContainerItemProxy */ = {
			isa = PBXContainerItemProxy;
			containerPortal = A5CEE6631BD0DC1600AAF122 /* Kingfisher.xcodeproj */;
			proxyType = 2;
			remoteGlobalIDString = D1ED2D0B1AD2CFA600CFC3EB;
			remoteInfo = "Kingfisher-Demo";
		};
		A5CEE66B1BD0DC1600AAF122 /* PBXContainerItemProxy */ = {
			isa = PBXContainerItemProxy;
			containerPortal = A5CEE6631BD0DC1600AAF122 /* Kingfisher.xcodeproj */;
			proxyType = 2;
			remoteGlobalIDString = D1ED2D351AD2D09F00CFC3EB;
			remoteInfo = Kingfisher;
		};
		A5CEE66D1BD0DC1600AAF122 /* PBXContainerItemProxy */ = {
			isa = PBXContainerItemProxy;
			containerPortal = A5CEE6631BD0DC1600AAF122 /* Kingfisher.xcodeproj */;
			proxyType = 2;
			remoteGlobalIDString = D1ED2D3F1AD2D09F00CFC3EB;
			remoteInfo = KingfisherTests;
		};
		A5CEE67D1BD0DC2000AAF122 /* PBXContainerItemProxy */ = {
			isa = PBXContainerItemProxy;
			containerPortal = A5CEE6751BD0DC2000AAF122 /* SwiftyJSON.xcodeproj */;
			proxyType = 2;
			remoteGlobalIDString = 2E4FEFDB19575BE100351305;
			remoteInfo = "SwiftyJSON iOS";
		};
		A5CEE67F1BD0DC2000AAF122 /* PBXContainerItemProxy */ = {
			isa = PBXContainerItemProxy;
			containerPortal = A5CEE6751BD0DC2000AAF122 /* SwiftyJSON.xcodeproj */;
			proxyType = 2;
			remoteGlobalIDString = 2E4FEFE619575BE100351305;
			remoteInfo = "SwiftyJSON iOS Tests";
		};
		A5CEE6811BD0DC2000AAF122 /* PBXContainerItemProxy */ = {
			isa = PBXContainerItemProxy;
			containerPortal = A5CEE6751BD0DC2000AAF122 /* SwiftyJSON.xcodeproj */;
			proxyType = 2;
			remoteGlobalIDString = 9C7DFC5B1A9102BD005AA3F7;
			remoteInfo = "SwiftyJSON OSX";
		};
		A5CEE6831BD0DC2000AAF122 /* PBXContainerItemProxy */ = {
			isa = PBXContainerItemProxy;
			containerPortal = A5CEE6751BD0DC2000AAF122 /* SwiftyJSON.xcodeproj */;
			proxyType = 2;
			remoteGlobalIDString = 9C7DFC651A9102BD005AA3F7;
			remoteInfo = "SwiftyJSON OSX Tests";
		};
		A5CEE6851BD0DC2000AAF122 /* PBXContainerItemProxy */ = {
			isa = PBXContainerItemProxy;
			containerPortal = A5CEE6751BD0DC2000AAF122 /* SwiftyJSON.xcodeproj */;
			proxyType = 2;
			remoteGlobalIDString = E4D7CCE81B9465A700EE7221;
			remoteInfo = "SwiftyJSON watchOS";
		};
		A5CEE6891BD0DC3000AAF122 /* PBXContainerItemProxy */ = {
			isa = PBXContainerItemProxy;
			containerPortal = A5CEE6751BD0DC2000AAF122 /* SwiftyJSON.xcodeproj */;
			proxyType = 1;
			remoteGlobalIDString = 2E4FEFDA19575BE100351305;
			remoteInfo = "SwiftyJSON iOS";
		};
		A5CEE6911BD0DC4500AAF122 /* PBXContainerItemProxy */ = {
			isa = PBXContainerItemProxy;
			containerPortal = A5CEE6631BD0DC1600AAF122 /* Kingfisher.xcodeproj */;
			proxyType = 1;
			remoteGlobalIDString = D1ED2D341AD2D09F00CFC3EB;
			remoteInfo = Kingfisher;
		};
/* End PBXContainerItemProxy section */

/* Begin PBXCopyFilesBuildPhase section */
		A5BEE4AB1C64CDA100F5B610 /* Embed PlugIns */ = {
			isa = PBXCopyFilesBuildPhase;
			buildActionMask = 2147483647;
			dstPath = "";
			dstSubfolderSpec = 13;
			files = (
			);
			name = "Embed PlugIns";
			runOnlyForDeploymentPostprocessing = 0;
		};
		A5CEE68B1BD0DC3100AAF122 /* Embed Frameworks */ = {
			isa = PBXCopyFilesBuildPhase;
			buildActionMask = 2147483647;
			dstPath = "";
			dstSubfolderSpec = 10;
			files = (
				A5CEE6901BD0DC4500AAF122 /* Kingfisher.framework in Embed Frameworks */,
				A552326B1C0467AB00A0AA2A /* Alamofire.framework in Embed Frameworks */,
				A5CEE6881BD0DC3000AAF122 /* SwiftyJSON.framework in Embed Frameworks */,
			);
			name = "Embed Frameworks";
			runOnlyForDeploymentPostprocessing = 0;
		};
/* End PBXCopyFilesBuildPhase section */

/* Begin PBXFileReference section */
		A506203F1C157B7D00195DCF /* UINavigationController+FDFullscreenPopGesture.h */ = {isa = PBXFileReference; fileEncoding = 4; lastKnownFileType = sourcecode.c.h; name = "UINavigationController+FDFullscreenPopGesture.h"; path = "Libs/FDFullscreenPopGesture-master/FDFullscreenPopGesture/UINavigationController+FDFullscreenPopGesture.h"; sourceTree = SOURCE_ROOT; };
		A50620401C157B7D00195DCF /* UINavigationController+FDFullscreenPopGesture.m */ = {isa = PBXFileReference; fileEncoding = 4; lastKnownFileType = sourcecode.c.objc; name = "UINavigationController+FDFullscreenPopGesture.m"; path = "Libs/FDFullscreenPopGesture-master/FDFullscreenPopGesture/UINavigationController+FDFullscreenPopGesture.m"; sourceTree = SOURCE_ROOT; };
		A5132BBD1BDBB5EA00B4C3DB /* AddItemVC.swift */ = {isa = PBXFileReference; fileEncoding = 4; lastKnownFileType = sourcecode.swift; path = AddItemVC.swift; sourceTree = "<group>"; };
		A51908AE1C106E4C0018039A /* idFinder.swift */ = {isa = PBXFileReference; fileEncoding = 4; lastKnownFileType = sourcecode.swift; path = idFinder.swift; sourceTree = "<group>"; };
		A534BE941C0EC9FF00770171 /* GuidePage.swift */ = {isa = PBXFileReference; fileEncoding = 4; lastKnownFileType = sourcecode.swift; name = GuidePage.swift; path = ViewController/GuidePage.swift; sourceTree = "<group>"; };
		A534BE961C0F23CD00770171 /* AddGalleryVC.swift */ = {isa = PBXFileReference; fileEncoding = 4; lastKnownFileType = sourcecode.swift; name = AddGalleryVC.swift; path = ViewController/AddGalleryVC.swift; sourceTree = "<group>"; };
		A55232521C04679C00A0AA2A /* Alamofire.xcodeproj */ = {isa = PBXFileReference; lastKnownFileType = "wrapper.pb-project"; name = Alamofire.xcodeproj; path = "Libs/Alamofire-3.1.3/Alamofire.xcodeproj"; sourceTree = "<group>"; };
		A552326E1C0470FE00A0AA2A /* CoreTelephony.framework */ = {isa = PBXFileReference; lastKnownFileType = wrapper.framework; name = CoreTelephony.framework; path = System/Library/Frameworks/CoreTelephony.framework; sourceTree = SDKROOT; };
		A55232711C04717C00A0AA2A /* libWeChatSDK.a */ = {isa = PBXFileReference; lastKnownFileType = archive.ar; name = libWeChatSDK.a; path = Libs/SDK1.6.2/libWeChatSDK.a; sourceTree = SOURCE_ROOT; };
		A55232721C04717C00A0AA2A /* WechatAuthSDK.h */ = {isa = PBXFileReference; fileEncoding = 4; lastKnownFileType = sourcecode.c.h; name = WechatAuthSDK.h; path = Libs/SDK1.6.2/WechatAuthSDK.h; sourceTree = SOURCE_ROOT; };
		A55232731C04717C00A0AA2A /* WXApi.h */ = {isa = PBXFileReference; fileEncoding = 4; lastKnownFileType = sourcecode.c.h; name = WXApi.h; path = Libs/SDK1.6.2/WXApi.h; sourceTree = SOURCE_ROOT; };
		A55232741C04717C00A0AA2A /* WXApiObject.h */ = {isa = PBXFileReference; fileEncoding = 4; lastKnownFileType = sourcecode.c.h; name = WXApiObject.h; path = Libs/SDK1.6.2/WXApiObject.h; sourceTree = SOURCE_ROOT; };
		A55232761C04729200A0AA2A /* SystemConfiguration.framework */ = {isa = PBXFileReference; lastKnownFileType = wrapper.framework; name = SystemConfiguration.framework; path = System/Library/Frameworks/SystemConfiguration.framework; sourceTree = SDKROOT; };
		A55232781C0472D000A0AA2A /* libz.tbd */ = {isa = PBXFileReference; lastKnownFileType = "sourcecode.text-based-dylib-definition"; name = libz.tbd; path = usr/lib/libz.tbd; sourceTree = SDKROOT; };
		A552327A1C0472F300A0AA2A /* libsqlite3.tbd */ = {isa = PBXFileReference; lastKnownFileType = "sourcecode.text-based-dylib-definition"; name = libsqlite3.tbd; path = usr/lib/libsqlite3.tbd; sourceTree = SDKROOT; };
		A552327C1C04731E00A0AA2A /* WechatDemo_Bridging_Header.h */ = {isa = PBXFileReference; lastKnownFileType = sourcecode.c.h; path = WechatDemo_Bridging_Header.h; sourceTree = "<group>"; };
		A552327D1C0475AE00A0AA2A /* libc++.tbd */ = {isa = PBXFileReference; lastKnownFileType = "sourcecode.text-based-dylib-definition"; name = "libc++.tbd"; path = "usr/lib/libc++.tbd"; sourceTree = SDKROOT; };
		A55C94371C5DA9FD004367B0 /* EditNameVC.swift */ = {isa = PBXFileReference; fileEncoding = 4; lastKnownFileType = sourcecode.swift; name = EditNameVC.swift; path = ViewController/EditNameVC.swift; sourceTree = "<group>"; };
		A56311B01C96B3640002FF5E /* JGActionSheet.h */ = {isa = PBXFileReference; fileEncoding = 4; lastKnownFileType = sourcecode.c.h; path = JGActionSheet.h; sourceTree = "<group>"; };
		A56311B11C96B3640002FF5E /* JGActionSheet.m */ = {isa = PBXFileReference; fileEncoding = 4; lastKnownFileType = sourcecode.c.objc; path = JGActionSheet.m; sourceTree = "<group>"; };
		A56311BC1C9831070002FF5E /* JMCollectionItem.h */ = {isa = PBXFileReference; fileEncoding = 4; lastKnownFileType = sourcecode.c.h; path = JMCollectionItem.h; sourceTree = "<group>"; };
		A56311BD1C9831070002FF5E /* JMCollectionItem.m */ = {isa = PBXFileReference; fileEncoding = 4; lastKnownFileType = sourcecode.c.objc; path = JMCollectionItem.m; sourceTree = "<group>"; };
		A56311D11C9ADEAA0002FF5E /* NotificationVC.swift */ = {isa = PBXFileReference; fileEncoding = 4; lastKnownFileType = sourcecode.swift; name = NotificationVC.swift; path = ViewController/NotificationVC.swift; sourceTree = "<group>"; };
		A56312041C9FC0580002FF5E /* libWeiboSDK.a */ = {isa = PBXFileReference; lastKnownFileType = archive.ar; path = libWeiboSDK.a; sourceTree = "<group>"; };
		A56312051C9FC0580002FF5E /* WBHttpRequest+WeiboGame.h */ = {isa = PBXFileReference; fileEncoding = 4; lastKnownFileType = sourcecode.c.h; path = "WBHttpRequest+WeiboGame.h"; sourceTree = "<group>"; };
		A56312061C9FC0580002FF5E /* WBHttpRequest+WeiboShare.h */ = {isa = PBXFileReference; fileEncoding = 4; lastKnownFileType = sourcecode.c.h; path = "WBHttpRequest+WeiboShare.h"; sourceTree = "<group>"; };
		A56312071C9FC0580002FF5E /* WBHttpRequest+WeiboToken.h */ = {isa = PBXFileReference; fileEncoding = 4; lastKnownFileType = sourcecode.c.h; path = "WBHttpRequest+WeiboToken.h"; sourceTree = "<group>"; };
		A56312081C9FC0580002FF5E /* WBHttpRequest+WeiboUser.h */ = {isa = PBXFileReference; fileEncoding = 4; lastKnownFileType = sourcecode.c.h; path = "WBHttpRequest+WeiboUser.h"; sourceTree = "<group>"; };
		A56312091C9FC0580002FF5E /* WBHttpRequest.h */ = {isa = PBXFileReference; fileEncoding = 4; lastKnownFileType = sourcecode.c.h; path = WBHttpRequest.h; sourceTree = "<group>"; };
		A563120A1C9FC0580002FF5E /* WBSDKBasicButton.h */ = {isa = PBXFileReference; fileEncoding = 4; lastKnownFileType = sourcecode.c.h; path = WBSDKBasicButton.h; sourceTree = "<group>"; };
		A563120B1C9FC0580002FF5E /* WBSDKCommentButton.h */ = {isa = PBXFileReference; fileEncoding = 4; lastKnownFileType = sourcecode.c.h; path = WBSDKCommentButton.h; sourceTree = "<group>"; };
		A563120C1C9FC0580002FF5E /* WBSDKRelationshipButton.h */ = {isa = PBXFileReference; fileEncoding = 4; lastKnownFileType = sourcecode.c.h; path = WBSDKRelationshipButton.h; sourceTree = "<group>"; };
		A563120D1C9FC0580002FF5E /* WeiboSDK+Statistics.h */ = {isa = PBXFileReference; fileEncoding = 4; lastKnownFileType = sourcecode.c.h; path = "WeiboSDK+Statistics.h"; sourceTree = "<group>"; };
		A563120E1C9FC0580002FF5E /* WeiboSDK.bundle */ = {isa = PBXFileReference; lastKnownFileType = "wrapper.plug-in"; path = WeiboSDK.bundle; sourceTree = "<group>"; };
		A563120F1C9FC0580002FF5E /* WeiboSDK.h */ = {isa = PBXFileReference; fileEncoding = 4; lastKnownFileType = sourcecode.c.h; path = WeiboSDK.h; sourceTree = "<group>"; };
		A56312101C9FC0580002FF5E /* WeiboUser.h */ = {isa = PBXFileReference; fileEncoding = 4; lastKnownFileType = sourcecode.c.h; path = WeiboUser.h; sourceTree = "<group>"; };
		A56312141C9FC91F0002FF5E /* ImageIO.framework */ = {isa = PBXFileReference; lastKnownFileType = wrapper.framework; name = ImageIO.framework; path = System/Library/Frameworks/ImageIO.framework; sourceTree = SDKROOT; };
		A563121C1C9FC99C0002FF5E /* Security.framework */ = {isa = PBXFileReference; lastKnownFileType = wrapper.framework; name = Security.framework; path = System/Library/Frameworks/Security.framework; sourceTree = SDKROOT; };
		A563121F1C9FC9BA0002FF5E /* CoreText.framework */ = {isa = PBXFileReference; lastKnownFileType = wrapper.framework; name = CoreText.framework; path = System/Library/Frameworks/CoreText.framework; sourceTree = SDKROOT; };
		A5799ECF1C659DCE009660D1 /* LCActionSheet.bundle */ = {isa = PBXFileReference; lastKnownFileType = "wrapper.plug-in"; path = LCActionSheet.bundle; sourceTree = "<group>"; };
		A5799ED01C659DCE009660D1 /* LCActionSheet.h */ = {isa = PBXFileReference; fileEncoding = 4; lastKnownFileType = sourcecode.c.h; path = LCActionSheet.h; sourceTree = "<group>"; };
		A5799ED11C659DCE009660D1 /* LCActionSheet.m */ = {isa = PBXFileReference; fileEncoding = 4; lastKnownFileType = sourcecode.c.objc; path = LCActionSheet.m; sourceTree = "<group>"; };
		A58270B81C880B8400F13713 /* ServerContactorDelegates.swift */ = {isa = PBXFileReference; fileEncoding = 4; lastKnownFileType = sourcecode.swift; path = ServerContactorDelegates.swift; sourceTree = "<group>"; };
		A58270CA1C885E9000F13713 /* .gitkeep */ = {isa = PBXFileReference; fileEncoding = 4; lastKnownFileType = text; path = .gitkeep; sourceTree = "<group>"; };
		A58270CB1C885E9000F13713 /* JMActionSheet.h */ = {isa = PBXFileReference; fileEncoding = 4; lastKnownFileType = sourcecode.c.h; path = JMActionSheet.h; sourceTree = "<group>"; };
		A58270CC1C885E9000F13713 /* JMActionSheet.m */ = {isa = PBXFileReference; fileEncoding = 4; lastKnownFileType = sourcecode.c.objc; path = JMActionSheet.m; sourceTree = "<group>"; };
		A58270CD1C885E9000F13713 /* JMActionSheetCollectionImageCell.h */ = {isa = PBXFileReference; fileEncoding = 4; lastKnownFileType = sourcecode.c.h; path = JMActionSheetCollectionImageCell.h; sourceTree = "<group>"; };
		A58270CE1C885E9000F13713 /* JMActionSheetCollectionImageCell.m */ = {isa = PBXFileReference; fileEncoding = 4; lastKnownFileType = sourcecode.c.objc; path = JMActionSheetCollectionImageCell.m; sourceTree = "<group>"; };
		A58270CF1C885E9000F13713 /* JMActionSheetCollectionItem.h */ = {isa = PBXFileReference; fileEncoding = 4; lastKnownFileType = sourcecode.c.h; path = JMActionSheetCollectionItem.h; sourceTree = "<group>"; };
		A58270D01C885E9000F13713 /* JMActionSheetCollectionItem.m */ = {isa = PBXFileReference; fileEncoding = 4; lastKnownFileType = sourcecode.c.objc; path = JMActionSheetCollectionItem.m; sourceTree = "<group>"; };
		A58270D11C885E9000F13713 /* JMActionSheetCollectionItemCell.h */ = {isa = PBXFileReference; fileEncoding = 4; lastKnownFileType = sourcecode.c.h; path = JMActionSheetCollectionItemCell.h; sourceTree = "<group>"; };
		A58270D21C885E9000F13713 /* JMActionSheetCollectionItemCell.m */ = {isa = PBXFileReference; fileEncoding = 4; lastKnownFileType = sourcecode.c.objc; path = JMActionSheetCollectionItemCell.m; sourceTree = "<group>"; };
		A58270D31C885E9000F13713 /* JMActionSheetCollectionViewController.h */ = {isa = PBXFileReference; fileEncoding = 4; lastKnownFileType = sourcecode.c.h; path = JMActionSheetCollectionViewController.h; sourceTree = "<group>"; };
		A58270D41C885E9000F13713 /* JMActionSheetCollectionViewController.m */ = {isa = PBXFileReference; fileEncoding = 4; lastKnownFileType = sourcecode.c.objc; path = JMActionSheetCollectionViewController.m; sourceTree = "<group>"; };
		A58270D51C885E9000F13713 /* JMActionSheetDescription.h */ = {isa = PBXFileReference; fileEncoding = 4; lastKnownFileType = sourcecode.c.h; path = JMActionSheetDescription.h; sourceTree = "<group>"; };
		A58270D61C885E9000F13713 /* JMActionSheetDescription.m */ = {isa = PBXFileReference; fileEncoding = 4; lastKnownFileType = sourcecode.c.objc; path = JMActionSheetDescription.m; sourceTree = "<group>"; };
		A58270D71C885E9000F13713 /* JMActionSheetImageItem.h */ = {isa = PBXFileReference; fileEncoding = 4; lastKnownFileType = sourcecode.c.h; path = JMActionSheetImageItem.h; sourceTree = "<group>"; };
		A58270D81C885E9000F13713 /* JMActionSheetImageItem.m */ = {isa = PBXFileReference; fileEncoding = 4; lastKnownFileType = sourcecode.c.objc; path = JMActionSheetImageItem.m; sourceTree = "<group>"; };
		A58270D91C885E9000F13713 /* JMActionSheetImagesItem.h */ = {isa = PBXFileReference; fileEncoding = 4; lastKnownFileType = sourcecode.c.h; path = JMActionSheetImagesItem.h; sourceTree = "<group>"; };
		A58270DA1C885E9000F13713 /* JMActionSheetImagesItem.m */ = {isa = PBXFileReference; fileEncoding = 4; lastKnownFileType = sourcecode.c.objc; path = JMActionSheetImagesItem.m; sourceTree = "<group>"; };
		A58270DB1C885E9000F13713 /* JMActionSheetItem.h */ = {isa = PBXFileReference; fileEncoding = 4; lastKnownFileType = sourcecode.c.h; path = JMActionSheetItem.h; sourceTree = "<group>"; };
		A58270DC1C885E9000F13713 /* JMActionSheetItem.m */ = {isa = PBXFileReference; fileEncoding = 4; lastKnownFileType = sourcecode.c.objc; path = JMActionSheetItem.m; sourceTree = "<group>"; };
		A58270DD1C885E9000F13713 /* JMActionSheetItemControl.h */ = {isa = PBXFileReference; fileEncoding = 4; lastKnownFileType = sourcecode.c.h; path = JMActionSheetItemControl.h; sourceTree = "<group>"; };
		A58270DE1C885E9000F13713 /* JMActionSheetItemControl.m */ = {isa = PBXFileReference; fileEncoding = 4; lastKnownFileType = sourcecode.c.objc; path = JMActionSheetItemControl.m; sourceTree = "<group>"; };
		A58270DF1C885E9000F13713 /* JMActionSheetPickerItem.h */ = {isa = PBXFileReference; fileEncoding = 4; lastKnownFileType = sourcecode.c.h; path = JMActionSheetPickerItem.h; sourceTree = "<group>"; };
		A58270E01C885E9000F13713 /* JMActionSheetPickerItem.m */ = {isa = PBXFileReference; fileEncoding = 4; lastKnownFileType = sourcecode.c.objc; path = JMActionSheetPickerItem.m; sourceTree = "<group>"; };
		A58270E11C885E9000F13713 /* JMActionSheetViewController+CollectionView.h */ = {isa = PBXFileReference; fileEncoding = 4; lastKnownFileType = sourcecode.c.h; path = "JMActionSheetViewController+CollectionView.h"; sourceTree = "<group>"; };
		A58270E21C885E9000F13713 /* JMActionSheetViewController+CollectionView.m */ = {isa = PBXFileReference; fileEncoding = 4; lastKnownFileType = sourcecode.c.objc; path = "JMActionSheetViewController+CollectionView.m"; sourceTree = "<group>"; };
		A58270E31C885E9000F13713 /* JMActionSheetViewController+PickerViewItem.h */ = {isa = PBXFileReference; fileEncoding = 4; lastKnownFileType = sourcecode.c.h; path = "JMActionSheetViewController+PickerViewItem.h"; sourceTree = "<group>"; };
		A58270E41C885E9000F13713 /* JMActionSheetViewController+PickerViewItem.m */ = {isa = PBXFileReference; fileEncoding = 4; lastKnownFileType = sourcecode.c.objc; path = "JMActionSheetViewController+PickerViewItem.m"; sourceTree = "<group>"; };
		A58270E51C885E9000F13713 /* JMActionSheetViewController.h */ = {isa = PBXFileReference; fileEncoding = 4; lastKnownFileType = sourcecode.c.h; path = JMActionSheetViewController.h; sourceTree = "<group>"; };
		A58270E61C885E9000F13713 /* JMActionSheetViewController.m */ = {isa = PBXFileReference; fileEncoding = 4; lastKnownFileType = sourcecode.c.objc; path = JMActionSheetViewController.m; sourceTree = "<group>"; };
		A58270E71C885E9000F13713 /* JMImagesActionSheet.h */ = {isa = PBXFileReference; fileEncoding = 4; lastKnownFileType = sourcecode.c.h; path = JMImagesActionSheet.h; sourceTree = "<group>"; };
		A58270E81C885E9000F13713 /* JMImagesActionSheet.m */ = {isa = PBXFileReference; fileEncoding = 4; lastKnownFileType = sourcecode.c.objc; path = JMImagesActionSheet.m; sourceTree = "<group>"; };
		A58270E91C885E9000F13713 /* JMPickerActionSheet.h */ = {isa = PBXFileReference; fileEncoding = 4; lastKnownFileType = sourcecode.c.h; path = JMPickerActionSheet.h; sourceTree = "<group>"; };
		A58270EA1C885E9000F13713 /* JMPickerActionSheet.m */ = {isa = PBXFileReference; fileEncoding = 4; lastKnownFileType = sourcecode.c.objc; path = JMPickerActionSheet.m; sourceTree = "<group>"; };
		A58270EB1C885E9000F13713 /* UIView+JMActionSheet.h */ = {isa = PBXFileReference; fileEncoding = 4; lastKnownFileType = sourcecode.c.h; path = "UIView+JMActionSheet.h"; sourceTree = "<group>"; };
		A58270EC1C885E9000F13713 /* UIView+JMActionSheet.m */ = {isa = PBXFileReference; fileEncoding = 4; lastKnownFileType = sourcecode.c.objc; path = "UIView+JMActionSheet.m"; sourceTree = "<group>"; };
		A59354C21BD5C4FD0044E7B3 /* LaunchScreen.swift */ = {isa = PBXFileReference; fileEncoding = 4; lastKnownFileType = sourcecode.swift; name = LaunchScreen.swift; path = ViewController/LaunchScreen.swift; sourceTree = "<group>"; };
		A593550A1BD669080044E7B3 /* LoginVC.swift */ = {isa = PBXFileReference; fileEncoding = 4; lastKnownFileType = sourcecode.swift; name = LoginVC.swift; path = ViewController/LoginVC.swift; sourceTree = "<group>"; };
		A593550C1BD66EA90044E7B3 /* TodayGalleryCT.swift */ = {isa = PBXFileReference; fileEncoding = 4; lastKnownFileType = sourcecode.swift; name = TodayGalleryCT.swift; path = LayoutTools/TodayGalleryCT.swift; sourceTree = "<group>"; };
		A59355101BD672480044E7B3 /* TodayVC.swift */ = {isa = PBXFileReference; fileEncoding = 4; lastKnownFileType = sourcecode.swift; name = TodayVC.swift; path = ViewController/TodayVC.swift; sourceTree = "<group>"; };
		A59355171BD782100044E7B3 /* ContactWithServer.swift */ = {isa = PBXFileReference; fileEncoding = 4; lastKnownFileType = sourcecode.swift; name = ContactWithServer.swift; path = LayoutTools/ContactWithServer.swift; sourceTree = "<group>"; };
		A59355241BD7854B0044E7B3 /* UserModel.swift */ = {isa = PBXFileReference; fileEncoding = 4; lastKnownFileType = sourcecode.swift; path = UserModel.swift; sourceTree = "<group>"; };
		A593552C1BD7983F0044E7B3 /* ApiManager.swift */ = {isa = PBXFileReference; fileEncoding = 4; lastKnownFileType = sourcecode.swift; path = ApiManager.swift; sourceTree = "<group>"; };
		A593553E1BD7B1440044E7B3 /* SelfMuseumVC.swift */ = {isa = PBXFileReference; fileEncoding = 4; lastKnownFileType = sourcecode.swift; name = SelfMuseumVC.swift; path = ViewController/SelfMuseumVC.swift; sourceTree = "<group>"; };
		A593554A1BD7D1370044E7B3 /* SelfGalleryCT.swift */ = {isa = PBXFileReference; fileEncoding = 4; lastKnownFileType = sourcecode.swift; path = SelfGalleryCT.swift; sourceTree = "<group>"; };
		A5B33DC91C4A432B00565972 /* SettingVC.swift */ = {isa = PBXFileReference; fileEncoding = 4; lastKnownFileType = sourcecode.swift; name = SettingVC.swift; path = ViewController/SettingVC.swift; sourceTree = "<group>"; };
		A5B33DE81C4B7DE700565972 /* AllTodaysVC.swift */ = {isa = PBXFileReference; fileEncoding = 4; lastKnownFileType = sourcecode.swift; name = AllTodaysVC.swift; path = ViewController/AllTodaysVC.swift; sourceTree = "<group>"; };
		A5BEE4721C638A0400F5B610 /* EditDescriptionVC.swift */ = {isa = PBXFileReference; fileEncoding = 4; lastKnownFileType = sourcecode.swift; name = EditDescriptionVC.swift; path = ViewController/EditDescriptionVC.swift; sourceTree = "<group>"; };
		A5BEE4801C638A2400F5B610 /* FeedbackVC.swift */ = {isa = PBXFileReference; fileEncoding = 4; lastKnownFileType = sourcecode.swift; name = FeedbackVC.swift; path = ViewController/FeedbackVC.swift; sourceTree = "<group>"; };
		A5BEE4841C63964900F5B610 /* BRPlaceholderTextView.h */ = {isa = PBXFileReference; fileEncoding = 4; lastKnownFileType = sourcecode.c.h; name = BRPlaceholderTextView.h; path = ../Libs/textviewPlaceholder/BRPlaceholderTextView.h; sourceTree = "<group>"; };
		A5BEE4851C63964900F5B610 /* BRPlaceholderTextView.m */ = {isa = PBXFileReference; fileEncoding = 4; lastKnownFileType = sourcecode.c.objc; name = BRPlaceholderTextView.m; path = ../Libs/textviewPlaceholder/BRPlaceholderTextView.m; sourceTree = "<group>"; };
		A5BEE4871C63B00C00F5B610 /* MBProgressHUD.h */ = {isa = PBXFileReference; fileEncoding = 4; lastKnownFileType = sourcecode.c.h; name = MBProgressHUD.h; path = Libs/MBProgressHUD/MBProgressHUD.h; sourceTree = SOURCE_ROOT; };
		A5BEE4881C63B00C00F5B610 /* MBProgressHUD.m */ = {isa = PBXFileReference; fileEncoding = 4; lastKnownFileType = sourcecode.c.objc; name = MBProgressHUD.m; path = Libs/MBProgressHUD/MBProgressHUD.m; sourceTree = SOURCE_ROOT; };
		A5BEE48A1C63B1FB00F5B610 /* CoreGraphics.framework */ = {isa = PBXFileReference; lastKnownFileType = wrapper.framework; name = CoreGraphics.framework; path = System/Library/Frameworks/CoreGraphics.framework; sourceTree = SDKROOT; };
		A5BFFD131BE4D2A100D5A866 /* ItemDetailVC.swift */ = {isa = PBXFileReference; fileEncoding = 4; lastKnownFileType = sourcecode.swift; name = ItemDetailVC.swift; path = ViewController/ItemDetailVC.swift; sourceTree = "<group>"; };
		A5BFFD561BE8E7C800D5A866 /* LoginProtocol.swift */ = {isa = PBXFileReference; fileEncoding = 4; lastKnownFileType = sourcecode.swift; name = LoginProtocol.swift; path = LayoutTools/LoginProtocol.swift; sourceTree = "<group>"; };
		A5C5D9291C66753900164093 /* Launch Screen.storyboard */ = {isa = PBXFileReference; fileEncoding = 4; lastKnownFileType = file.storyboard; path = "Launch Screen.storyboard"; sourceTree = "<group>"; };
		A5C5D92F1C6715EA00164093 /* JGProgressHUD Resources.bundle */ = {isa = PBXFileReference; lastKnownFileType = "wrapper.plug-in"; path = "JGProgressHUD Resources.bundle"; sourceTree = "<group>"; };
		A5C5D9301C6715EA00164093 /* JGProgressHUD-Defines.h */ = {isa = PBXFileReference; fileEncoding = 4; lastKnownFileType = sourcecode.c.h; path = "JGProgressHUD-Defines.h"; sourceTree = "<group>"; };
		A5C5D9311C6715EA00164093 /* JGProgressHUD.h */ = {isa = PBXFileReference; fileEncoding = 4; lastKnownFileType = sourcecode.c.h; path = JGProgressHUD.h; sourceTree = "<group>"; };
		A5C5D9321C6715EA00164093 /* JGProgressHUD.m */ = {isa = PBXFileReference; fileEncoding = 4; lastKnownFileType = sourcecode.c.objc; path = JGProgressHUD.m; sourceTree = "<group>"; };
		A5C5D9331C6715EA00164093 /* JGProgressHUDAnimation.h */ = {isa = PBXFileReference; fileEncoding = 4; lastKnownFileType = sourcecode.c.h; path = JGProgressHUDAnimation.h; sourceTree = "<group>"; };
		A5C5D9341C6715EA00164093 /* JGProgressHUDAnimation.m */ = {isa = PBXFileReference; fileEncoding = 4; lastKnownFileType = sourcecode.c.objc; path = JGProgressHUDAnimation.m; sourceTree = "<group>"; };
		A5C5D9351C6715EA00164093 /* JGProgressHUDErrorIndicatorView.h */ = {isa = PBXFileReference; fileEncoding = 4; lastKnownFileType = sourcecode.c.h; path = JGProgressHUDErrorIndicatorView.h; sourceTree = "<group>"; };
		A5C5D9361C6715EA00164093 /* JGProgressHUDErrorIndicatorView.m */ = {isa = PBXFileReference; fileEncoding = 4; lastKnownFileType = sourcecode.c.objc; path = JGProgressHUDErrorIndicatorView.m; sourceTree = "<group>"; };
		A5C5D9371C6715EA00164093 /* JGProgressHUDFadeAnimation.h */ = {isa = PBXFileReference; fileEncoding = 4; lastKnownFileType = sourcecode.c.h; path = JGProgressHUDFadeAnimation.h; sourceTree = "<group>"; };
		A5C5D9381C6715EA00164093 /* JGProgressHUDFadeAnimation.m */ = {isa = PBXFileReference; fileEncoding = 4; lastKnownFileType = sourcecode.c.objc; path = JGProgressHUDFadeAnimation.m; sourceTree = "<group>"; };
		A5C5D9391C6715EA00164093 /* JGProgressHUDFadeZoomAnimation.h */ = {isa = PBXFileReference; fileEncoding = 4; lastKnownFileType = sourcecode.c.h; path = JGProgressHUDFadeZoomAnimation.h; sourceTree = "<group>"; };
		A5C5D93A1C6715EA00164093 /* JGProgressHUDFadeZoomAnimation.m */ = {isa = PBXFileReference; fileEncoding = 4; lastKnownFileType = sourcecode.c.objc; path = JGProgressHUDFadeZoomAnimation.m; sourceTree = "<group>"; };
		A5C5D93B1C6715EA00164093 /* JGProgressHUDImageIndicatorView.h */ = {isa = PBXFileReference; fileEncoding = 4; lastKnownFileType = sourcecode.c.h; path = JGProgressHUDImageIndicatorView.h; sourceTree = "<group>"; };
		A5C5D93C1C6715EA00164093 /* JGProgressHUDImageIndicatorView.m */ = {isa = PBXFileReference; fileEncoding = 4; lastKnownFileType = sourcecode.c.objc; path = JGProgressHUDImageIndicatorView.m; sourceTree = "<group>"; };
		A5C5D93D1C6715EA00164093 /* JGProgressHUDIndeterminateIndicatorView.h */ = {isa = PBXFileReference; fileEncoding = 4; lastKnownFileType = sourcecode.c.h; path = JGProgressHUDIndeterminateIndicatorView.h; sourceTree = "<group>"; };
		A5C5D93E1C6715EA00164093 /* JGProgressHUDIndeterminateIndicatorView.m */ = {isa = PBXFileReference; fileEncoding = 4; lastKnownFileType = sourcecode.c.objc; path = JGProgressHUDIndeterminateIndicatorView.m; sourceTree = "<group>"; };
		A5C5D93F1C6715EA00164093 /* JGProgressHUDIndicatorView.h */ = {isa = PBXFileReference; fileEncoding = 4; lastKnownFileType = sourcecode.c.h; path = JGProgressHUDIndicatorView.h; sourceTree = "<group>"; };
		A5C5D9401C6715EA00164093 /* JGProgressHUDIndicatorView.m */ = {isa = PBXFileReference; fileEncoding = 4; lastKnownFileType = sourcecode.c.objc; path = JGProgressHUDIndicatorView.m; sourceTree = "<group>"; };
		A5C5D9411C6715EA00164093 /* JGProgressHUDPieIndicatorView.h */ = {isa = PBXFileReference; fileEncoding = 4; lastKnownFileType = sourcecode.c.h; path = JGProgressHUDPieIndicatorView.h; sourceTree = "<group>"; };
		A5C5D9421C6715EA00164093 /* JGProgressHUDPieIndicatorView.m */ = {isa = PBXFileReference; fileEncoding = 4; lastKnownFileType = sourcecode.c.objc; path = JGProgressHUDPieIndicatorView.m; sourceTree = "<group>"; };
		A5C5D9431C6715EA00164093 /* JGProgressHUDRingIndicatorView.h */ = {isa = PBXFileReference; fileEncoding = 4; lastKnownFileType = sourcecode.c.h; path = JGProgressHUDRingIndicatorView.h; sourceTree = "<group>"; };
		A5C5D9441C6715EA00164093 /* JGProgressHUDRingIndicatorView.m */ = {isa = PBXFileReference; fileEncoding = 4; lastKnownFileType = sourcecode.c.objc; path = JGProgressHUDRingIndicatorView.m; sourceTree = "<group>"; };
		A5C5D9451C6715EA00164093 /* JGProgressHUDSuccessIndicatorView.h */ = {isa = PBXFileReference; fileEncoding = 4; lastKnownFileType = sourcecode.c.h; path = JGProgressHUDSuccessIndicatorView.h; sourceTree = "<group>"; };
		A5C5D9461C6715EA00164093 /* JGProgressHUDSuccessIndicatorView.m */ = {isa = PBXFileReference; fileEncoding = 4; lastKnownFileType = sourcecode.c.objc; path = JGProgressHUDSuccessIndicatorView.m; sourceTree = "<group>"; };
		A5CEE6201BD0DB3C00AAF122 /* hiwu-ios.app */ = {isa = PBXFileReference; explicitFileType = wrapper.application; includeInIndex = 0; path = "hiwu-ios.app"; sourceTree = BUILT_PRODUCTS_DIR; };
		A5CEE6231BD0DB3C00AAF122 /* AppDelegate.swift */ = {isa = PBXFileReference; lastKnownFileType = sourcecode.swift; path = AppDelegate.swift; sourceTree = "<group>"; };
		A5CEE6281BD0DB3C00AAF122 /* Base */ = {isa = PBXFileReference; lastKnownFileType = file.storyboard; name = Base; path = Base.lproj/Main.storyboard; sourceTree = "<group>"; };
		A5CEE62A1BD0DB3C00AAF122 /* Assets.xcassets */ = {isa = PBXFileReference; lastKnownFileType = folder.assetcatalog; path = Assets.xcassets; sourceTree = "<group>"; };
		A5CEE62F1BD0DB3C00AAF122 /* Info.plist */ = {isa = PBXFileReference; lastKnownFileType = text.plist.xml; path = Info.plist; sourceTree = "<group>"; };
		A5CEE6341BD0DB3C00AAF122 /* hiwu-iosTests.xctest */ = {isa = PBXFileReference; explicitFileType = wrapper.cfbundle; includeInIndex = 0; path = "hiwu-iosTests.xctest"; sourceTree = BUILT_PRODUCTS_DIR; };
		A5CEE63F1BD0DB3C00AAF122 /* hiwu-iosUITests.xctest */ = {isa = PBXFileReference; explicitFileType = wrapper.cfbundle; includeInIndex = 0; path = "hiwu-iosUITests.xctest"; sourceTree = BUILT_PRODUCTS_DIR; };
		A5CEE6631BD0DC1600AAF122 /* Kingfisher.xcodeproj */ = {isa = PBXFileReference; lastKnownFileType = "wrapper.pb-project"; name = Kingfisher.xcodeproj; path = Libs/Kingfisher/Kingfisher.xcodeproj; sourceTree = "<group>"; };
		A5CEE6751BD0DC2000AAF122 /* SwiftyJSON.xcodeproj */ = {isa = PBXFileReference; lastKnownFileType = "wrapper.pb-project"; name = SwiftyJSON.xcodeproj; path = "Libs/SwiftyJSON-master 3/SwiftyJSON.xcodeproj"; sourceTree = "<group>"; };
		A5EB70AC1BE38AD20075D559 /* GalleryDetailVC.swift */ = {isa = PBXFileReference; fileEncoding = 4; lastKnownFileType = sourcecode.swift; name = GalleryDetailVC.swift; path = ViewController/GalleryDetailVC.swift; sourceTree = "<group>"; };
		A5EF35531C66267C00F61BB0 /* SCLAlertView.h */ = {isa = PBXFileReference; fileEncoding = 4; lastKnownFileType = sourcecode.c.h; path = SCLAlertView.h; sourceTree = "<group>"; };
		A5EF35541C66267C00F61BB0 /* SCLAlertView.m */ = {isa = PBXFileReference; fileEncoding = 4; lastKnownFileType = sourcecode.c.objc; path = SCLAlertView.m; sourceTree = "<group>"; };
		A5EF35551C66267C00F61BB0 /* SCLAlertViewResponder.h */ = {isa = PBXFileReference; fileEncoding = 4; lastKnownFileType = sourcecode.c.h; path = SCLAlertViewResponder.h; sourceTree = "<group>"; };
		A5EF35561C66267C00F61BB0 /* SCLAlertViewResponder.m */ = {isa = PBXFileReference; fileEncoding = 4; lastKnownFileType = sourcecode.c.objc; path = SCLAlertViewResponder.m; sourceTree = "<group>"; };
		A5EF35571C66267C00F61BB0 /* SCLAlertViewStyleKit.h */ = {isa = PBXFileReference; fileEncoding = 4; lastKnownFileType = sourcecode.c.h; path = SCLAlertViewStyleKit.h; sourceTree = "<group>"; };
		A5EF35581C66267C00F61BB0 /* SCLAlertViewStyleKit.m */ = {isa = PBXFileReference; fileEncoding = 4; lastKnownFileType = sourcecode.c.objc; path = SCLAlertViewStyleKit.m; sourceTree = "<group>"; };
		A5EF35591C66267C00F61BB0 /* SCLButton.h */ = {isa = PBXFileReference; fileEncoding = 4; lastKnownFileType = sourcecode.c.h; path = SCLButton.h; sourceTree = "<group>"; };
		A5EF355A1C66267C00F61BB0 /* SCLButton.m */ = {isa = PBXFileReference; fileEncoding = 4; lastKnownFileType = sourcecode.c.objc; path = SCLButton.m; sourceTree = "<group>"; };
		A5EF355B1C66267C00F61BB0 /* SCLMacros.h */ = {isa = PBXFileReference; fileEncoding = 4; lastKnownFileType = sourcecode.c.h; path = SCLMacros.h; sourceTree = "<group>"; };
		A5EF355C1C66267C00F61BB0 /* SCLTextView.h */ = {isa = PBXFileReference; fileEncoding = 4; lastKnownFileType = sourcecode.c.h; path = SCLTextView.h; sourceTree = "<group>"; };
		A5EF355D1C66267C00F61BB0 /* SCLTextView.m */ = {isa = PBXFileReference; fileEncoding = 4; lastKnownFileType = sourcecode.c.objc; path = SCLTextView.m; sourceTree = "<group>"; };
		A5EF355E1C66267C00F61BB0 /* SCLTimerDisplay.h */ = {isa = PBXFileReference; fileEncoding = 4; lastKnownFileType = sourcecode.c.h; path = SCLTimerDisplay.h; sourceTree = "<group>"; };
		A5EF355F1C66267C00F61BB0 /* SCLTimerDisplay.m */ = {isa = PBXFileReference; fileEncoding = 4; lastKnownFileType = sourcecode.c.objc; path = SCLTimerDisplay.m; sourceTree = "<group>"; };
		A5EF35601C66267C00F61BB0 /* UIImage+ImageEffects.h */ = {isa = PBXFileReference; fileEncoding = 4; lastKnownFileType = sourcecode.c.h; path = "UIImage+ImageEffects.h"; sourceTree = "<group>"; };
		A5EF35611C66267C00F61BB0 /* UIImage+ImageEffects.m */ = {isa = PBXFileReference; fileEncoding = 4; lastKnownFileType = sourcecode.c.objc; path = "UIImage+ImageEffects.m"; sourceTree = "<group>"; };
		A5EF35751C664EF800F61BB0 /* QuartzCore.framework */ = {isa = PBXFileReference; lastKnownFileType = wrapper.framework; name = QuartzCore.framework; path = System/Library/Frameworks/QuartzCore.framework; sourceTree = SDKROOT; };
		A5EF35781C6652AD00F61BB0 /* UIScrollView+EmptyDataSet.h */ = {isa = PBXFileReference; fileEncoding = 4; lastKnownFileType = sourcecode.c.h; path = "UIScrollView+EmptyDataSet.h"; sourceTree = "<group>"; };
		A5EF35791C6652AD00F61BB0 /* UIScrollView+EmptyDataSet.m */ = {isa = PBXFileReference; fileEncoding = 4; lastKnownFileType = sourcecode.c.objc; path = "UIScrollView+EmptyDataSet.m"; sourceTree = "<group>"; };
/* End PBXFileReference section */

/* Begin PBXFrameworksBuildPhase section */
		A5CEE61D1BD0DB3C00AAF122 /* Frameworks */ = {
			isa = PBXFrameworksBuildPhase;
			buildActionMask = 2147483647;
			files = (
				A56312341C9FE6600002FF5E /* libWeiboSDK.a in Frameworks */,
				A56312241C9FCA350002FF5E /* ImageIO.framework in Frameworks */,
				A56312231C9FCA200002FF5E /* SystemConfiguration.framework in Frameworks */,
				A56312221C9FCA130002FF5E /* QuartzCore.framework in Frameworks */,
				A56312211C9FC9D20002FF5E /* CoreGraphics.framework in Frameworks */,
				A56312201C9FC9BA0002FF5E /* CoreText.framework in Frameworks */,
				A563121E1C9FC9AC0002FF5E /* CoreTelephony.framework in Frameworks */,
				A563121D1C9FC99C0002FF5E /* Security.framework in Frameworks */,
				A552327E1C0475AE00A0AA2A /* libc++.tbd in Frameworks */,
				A552327B1C0472F300A0AA2A /* libsqlite3.tbd in Frameworks */,
				A55232791C0472D000A0AA2A /* libz.tbd in Frameworks */,
				A5CEE68F1BD0DC4500AAF122 /* Kingfisher.framework in Frameworks */,
				A552326A1C0467AB00A0AA2A /* Alamofire.framework in Frameworks */,
				A5CEE6871BD0DC3000AAF122 /* SwiftyJSON.framework in Frameworks */,
				A55232751C04717C00A0AA2A /* libWeChatSDK.a in Frameworks */,
			);
			runOnlyForDeploymentPostprocessing = 0;
		};
		A5CEE6311BD0DB3C00AAF122 /* Frameworks */ = {
			isa = PBXFrameworksBuildPhase;
			buildActionMask = 2147483647;
			files = (
			);
			runOnlyForDeploymentPostprocessing = 0;
		};
		A5CEE63C1BD0DB3C00AAF122 /* Frameworks */ = {
			isa = PBXFrameworksBuildPhase;
			buildActionMask = 2147483647;
			files = (
			);
			runOnlyForDeploymentPostprocessing = 0;
		};
/* End PBXFrameworksBuildPhase section */

/* Begin PBXGroup section */
		A50620311C157B5000195DCF /* navigationTool */ = {
			isa = PBXGroup;
			children = (
				A506203F1C157B7D00195DCF /* UINavigationController+FDFullscreenPopGesture.h */,
				A50620401C157B7D00195DCF /* UINavigationController+FDFullscreenPopGesture.m */,
			);
			name = navigationTool;
			sourceTree = "<group>";
		};
		A55232531C04679C00A0AA2A /* Products */ = {
			isa = PBXGroup;
			children = (
				A552325D1C04679D00A0AA2A /* Alamofire.framework */,
				A552325F1C04679D00A0AA2A /* Alamofire iOS Tests.xctest */,
				A55232611C04679D00A0AA2A /* Alamofire.framework */,
				A55232631C04679D00A0AA2A /* Alamofire OSX Tests.xctest */,
				A55232651C04679D00A0AA2A /* Alamofire.framework */,
				A55232671C04679D00A0AA2A /* Alamofire tvOS Tests.xctest */,
				A55232691C04679D00A0AA2A /* Alamofire.framework */,
			);
			name = Products;
			sourceTree = "<group>";
		};
		A55232701C04716800A0AA2A /* weixin */ = {
			isa = PBXGroup;
			children = (
				A55232711C04717C00A0AA2A /* libWeChatSDK.a */,
				A55232721C04717C00A0AA2A /* WechatAuthSDK.h */,
				A55232731C04717C00A0AA2A /* WXApi.h */,
				A55232741C04717C00A0AA2A /* WXApiObject.h */,
				A552327C1C04731E00A0AA2A /* WechatDemo_Bridging_Header.h */,
			);
			name = weixin;
			sourceTree = "<group>";
		};
		A56311AF1C96B3640002FF5E /* JGActionSheet */ = {
			isa = PBXGroup;
			children = (
				A56311B01C96B3640002FF5E /* JGActionSheet.h */,
				A56311B11C96B3640002FF5E /* JGActionSheet.m */,
			);
			name = JGActionSheet;
			path = Libs/JGActionSheet;
			sourceTree = SOURCE_ROOT;
		};
		A56312031C9FC0580002FF5E /* libWeiboSDK */ = {
			isa = PBXGroup;
			children = (
				A56312041C9FC0580002FF5E /* libWeiboSDK.a */,
				A56312051C9FC0580002FF5E /* WBHttpRequest+WeiboGame.h */,
				A56312061C9FC0580002FF5E /* WBHttpRequest+WeiboShare.h */,
				A56312071C9FC0580002FF5E /* WBHttpRequest+WeiboToken.h */,
				A56312081C9FC0580002FF5E /* WBHttpRequest+WeiboUser.h */,
				A56312091C9FC0580002FF5E /* WBHttpRequest.h */,
				A563120A1C9FC0580002FF5E /* WBSDKBasicButton.h */,
				A563120B1C9FC0580002FF5E /* WBSDKCommentButton.h */,
				A563120C1C9FC0580002FF5E /* WBSDKRelationshipButton.h */,
				A563120D1C9FC0580002FF5E /* WeiboSDK+Statistics.h */,
				A563120E1C9FC0580002FF5E /* WeiboSDK.bundle */,
				A563120F1C9FC0580002FF5E /* WeiboSDK.h */,
				A56312101C9FC0580002FF5E /* WeiboUser.h */,
			);
			name = libWeiboSDK;
			path = Libs/libWeiboSDK;
			sourceTree = SOURCE_ROOT;
		};
		A5799ECE1C659DCE009660D1 /* LCActionSheet */ = {
			isa = PBXGroup;
			children = (
				A5799ECF1C659DCE009660D1 /* LCActionSheet.bundle */,
				A5799ED01C659DCE009660D1 /* LCActionSheet.h */,
				A5799ED11C659DCE009660D1 /* LCActionSheet.m */,
			);
			name = LCActionSheet;
			path = Libs/LCActionSheet;
			sourceTree = SOURCE_ROOT;
		};
		A58270C91C885E9000F13713 /* JMActionSheet */ = {
			isa = PBXGroup;
			children = (
				A58270CA1C885E9000F13713 /* .gitkeep */,
				A58270CB1C885E9000F13713 /* JMActionSheet.h */,
				A58270CC1C885E9000F13713 /* JMActionSheet.m */,
				A58270CD1C885E9000F13713 /* JMActionSheetCollectionImageCell.h */,
				A58270CE1C885E9000F13713 /* JMActionSheetCollectionImageCell.m */,
				A58270CF1C885E9000F13713 /* JMActionSheetCollectionItem.h */,
				A58270D01C885E9000F13713 /* JMActionSheetCollectionItem.m */,
				A58270D11C885E9000F13713 /* JMActionSheetCollectionItemCell.h */,
				A58270D21C885E9000F13713 /* JMActionSheetCollectionItemCell.m */,
				A58270D31C885E9000F13713 /* JMActionSheetCollectionViewController.h */,
				A58270D41C885E9000F13713 /* JMActionSheetCollectionViewController.m */,
				A58270D51C885E9000F13713 /* JMActionSheetDescription.h */,
				A58270D61C885E9000F13713 /* JMActionSheetDescription.m */,
				A58270D71C885E9000F13713 /* JMActionSheetImageItem.h */,
				A58270D81C885E9000F13713 /* JMActionSheetImageItem.m */,
				A58270D91C885E9000F13713 /* JMActionSheetImagesItem.h */,
				A58270DA1C885E9000F13713 /* JMActionSheetImagesItem.m */,
				A58270DB1C885E9000F13713 /* JMActionSheetItem.h */,
				A58270DC1C885E9000F13713 /* JMActionSheetItem.m */,
				A58270DD1C885E9000F13713 /* JMActionSheetItemControl.h */,
				A58270DE1C885E9000F13713 /* JMActionSheetItemControl.m */,
				A58270DF1C885E9000F13713 /* JMActionSheetPickerItem.h */,
				A58270E01C885E9000F13713 /* JMActionSheetPickerItem.m */,
				A58270E11C885E9000F13713 /* JMActionSheetViewController+CollectionView.h */,
				A58270E21C885E9000F13713 /* JMActionSheetViewController+CollectionView.m */,
				A58270E31C885E9000F13713 /* JMActionSheetViewController+PickerViewItem.h */,
				A58270E41C885E9000F13713 /* JMActionSheetViewController+PickerViewItem.m */,
				A58270E51C885E9000F13713 /* JMActionSheetViewController.h */,
				A58270E61C885E9000F13713 /* JMActionSheetViewController.m */,
				A58270E71C885E9000F13713 /* JMImagesActionSheet.h */,
				A58270E81C885E9000F13713 /* JMImagesActionSheet.m */,
				A58270E91C885E9000F13713 /* JMPickerActionSheet.h */,
				A58270EA1C885E9000F13713 /* JMPickerActionSheet.m */,
				A58270EB1C885E9000F13713 /* UIView+JMActionSheet.h */,
				A58270EC1C885E9000F13713 /* UIView+JMActionSheet.m */,
			);
			name = JMActionSheet;
			path = Libs/JMActionSheet;
			sourceTree = SOURCE_ROOT;
		};
		A59354CE1BD5C5320044E7B3 /* SupportingFiles */ = {
			isa = PBXGroup;
			children = (
				A5CEE6231BD0DB3C00AAF122 /* AppDelegate.swift */,
				A5CEE62A1BD0DB3C00AAF122 /* Assets.xcassets */,
			);
			name = SupportingFiles;
			sourceTree = "<group>";
		};
		A593550E1BD66EB00044E7B3 /* ViewControllers */ = {
			isa = PBXGroup;
			children = (
				A59354C21BD5C4FD0044E7B3 /* LaunchScreen.swift */,
				A5B33DC91C4A432B00565972 /* SettingVC.swift */,
				A5B33DE81C4B7DE700565972 /* AllTodaysVC.swift */,
				A5BFFD131BE4D2A100D5A866 /* ItemDetailVC.swift */,
				A5EB70AC1BE38AD20075D559 /* GalleryDetailVC.swift */,
				A593553E1BD7B1440044E7B3 /* SelfMuseumVC.swift */,
				A5132BBD1BDBB5EA00B4C3DB /* AddItemVC.swift */,
				A59355101BD672480044E7B3 /* TodayVC.swift */,
				A593550A1BD669080044E7B3 /* LoginVC.swift */,
				A534BE941C0EC9FF00770171 /* GuidePage.swift */,
				A534BE961C0F23CD00770171 /* AddGalleryVC.swift */,
				A55C94371C5DA9FD004367B0 /* EditNameVC.swift */,
				A5BEE4721C638A0400F5B610 /* EditDescriptionVC.swift */,
				A5BEE4801C638A2400F5B610 /* FeedbackVC.swift */,
				A5C5D9291C66753900164093 /* Launch Screen.storyboard */,
				A56311D11C9ADEAA0002FF5E /* NotificationVC.swift */,
			);
			name = ViewControllers;
			sourceTree = "<group>";
		};
		A593550F1BD66EC00044E7B3 /* LayoutTools */ = {
			isa = PBXGroup;
			children = (
				A56311BC1C9831070002FF5E /* JMCollectionItem.h */,
				A56311BD1C9831070002FF5E /* JMCollectionItem.m */,
				A56311AF1C96B3640002FF5E /* JGActionSheet */,
				A5BEE4871C63B00C00F5B610 /* MBProgressHUD.h */,
				A5BEE4881C63B00C00F5B610 /* MBProgressHUD.m */,
				A5BEE4841C63964900F5B610 /* BRPlaceholderTextView.h */,
				A5BEE4851C63964900F5B610 /* BRPlaceholderTextView.m */,
				A5C5D92E1C6715EA00164093 /* JGProgressHUD */,
				A593554E1BD7E9F20044E7B3 /* Protocol */,
				A593550C1BD66EA90044E7B3 /* TodayGalleryCT.swift */,
				A593554A1BD7D1370044E7B3 /* SelfGalleryCT.swift */,
				A59355171BD782100044E7B3 /* ContactWithServer.swift */,
				A51908AE1C106E4C0018039A /* idFinder.swift */,
			);
			name = LayoutTools;
			sourceTree = "<group>";
		};
		A59355231BD785330044E7B3 /* Models */ = {
			isa = PBXGroup;
			children = (
				A59355241BD7854B0044E7B3 /* UserModel.swift */,
				A593552C1BD7983F0044E7B3 /* ApiManager.swift */,
			);
			name = Models;
			sourceTree = "<group>";
		};
		A593554E1BD7E9F20044E7B3 /* Protocol */ = {
			isa = PBXGroup;
			children = (
				A5BFFD561BE8E7C800D5A866 /* LoginProtocol.swift */,
				A58270B81C880B8400F13713 /* ServerContactorDelegates.swift */,
			);
			name = Protocol;
			sourceTree = "<group>";
		};
		A5C5D92E1C6715EA00164093 /* JGProgressHUD */ = {
			isa = PBXGroup;
			children = (
				A5C5D92F1C6715EA00164093 /* JGProgressHUD Resources.bundle */,
				A5C5D9301C6715EA00164093 /* JGProgressHUD-Defines.h */,
				A5C5D9311C6715EA00164093 /* JGProgressHUD.h */,
				A5C5D9321C6715EA00164093 /* JGProgressHUD.m */,
				A5C5D9331C6715EA00164093 /* JGProgressHUDAnimation.h */,
				A5C5D9341C6715EA00164093 /* JGProgressHUDAnimation.m */,
				A5C5D9351C6715EA00164093 /* JGProgressHUDErrorIndicatorView.h */,
				A5C5D9361C6715EA00164093 /* JGProgressHUDErrorIndicatorView.m */,
				A5C5D9371C6715EA00164093 /* JGProgressHUDFadeAnimation.h */,
				A5C5D9381C6715EA00164093 /* JGProgressHUDFadeAnimation.m */,
				A5C5D9391C6715EA00164093 /* JGProgressHUDFadeZoomAnimation.h */,
				A5C5D93A1C6715EA00164093 /* JGProgressHUDFadeZoomAnimation.m */,
				A5C5D93B1C6715EA00164093 /* JGProgressHUDImageIndicatorView.h */,
				A5C5D93C1C6715EA00164093 /* JGProgressHUDImageIndicatorView.m */,
				A5C5D93D1C6715EA00164093 /* JGProgressHUDIndeterminateIndicatorView.h */,
				A5C5D93E1C6715EA00164093 /* JGProgressHUDIndeterminateIndicatorView.m */,
				A5C5D93F1C6715EA00164093 /* JGProgressHUDIndicatorView.h */,
				A5C5D9401C6715EA00164093 /* JGProgressHUDIndicatorView.m */,
				A5C5D9411C6715EA00164093 /* JGProgressHUDPieIndicatorView.h */,
				A5C5D9421C6715EA00164093 /* JGProgressHUDPieIndicatorView.m */,
				A5C5D9431C6715EA00164093 /* JGProgressHUDRingIndicatorView.h */,
				A5C5D9441C6715EA00164093 /* JGProgressHUDRingIndicatorView.m */,
				A5C5D9451C6715EA00164093 /* JGProgressHUDSuccessIndicatorView.h */,
				A5C5D9461C6715EA00164093 /* JGProgressHUDSuccessIndicatorView.m */,
			);
			name = JGProgressHUD;
			path = Libs/JGProgressHUD;
			sourceTree = SOURCE_ROOT;
		};
		A5CEE6171BD0DB3C00AAF122 = {
			isa = PBXGroup;
			children = (
				A563121F1C9FC9BA0002FF5E /* CoreText.framework */,
				A563121C1C9FC99C0002FF5E /* Security.framework */,
				A56312141C9FC91F0002FF5E /* ImageIO.framework */,
				A5EF35751C664EF800F61BB0 /* QuartzCore.framework */,
				A5BEE48A1C63B1FB00F5B610 /* CoreGraphics.framework */,
				A552327D1C0475AE00A0AA2A /* libc++.tbd */,
				A552327A1C0472F300A0AA2A /* libsqlite3.tbd */,
				A55232781C0472D000A0AA2A /* libz.tbd */,
				A55232761C04729200A0AA2A /* SystemConfiguration.framework */,
				A552326E1C0470FE00A0AA2A /* CoreTelephony.framework */,
				A55232521C04679C00A0AA2A /* Alamofire.xcodeproj */,
				A5CEE6751BD0DC2000AAF122 /* SwiftyJSON.xcodeproj */,
				A5CEE6631BD0DC1600AAF122 /* Kingfisher.xcodeproj */,
				A5CEE6221BD0DB3C00AAF122 /* hiwu-ios */,
				A5CEE6211BD0DB3C00AAF122 /* Products */,
			);
			sourceTree = "<group>";
		};
		A5CEE6211BD0DB3C00AAF122 /* Products */ = {
			isa = PBXGroup;
			children = (
				A5CEE6201BD0DB3C00AAF122 /* hiwu-ios.app */,
				A5CEE6341BD0DB3C00AAF122 /* hiwu-iosTests.xctest */,
				A5CEE63F1BD0DB3C00AAF122 /* hiwu-iosUITests.xctest */,
			);
			name = Products;
			sourceTree = "<group>";
		};
		A5CEE6221BD0DB3C00AAF122 /* hiwu-ios */ = {
			isa = PBXGroup;
			children = (
				A56312031C9FC0580002FF5E /* libWeiboSDK */,
				A58270C91C885E9000F13713 /* JMActionSheet */,
				A5EF35771C6652AD00F61BB0 /* UIScrollView+EmptyDataSet */,
				A5EF35521C66267C00F61BB0 /* SCLAlertView */,
				A5799ECE1C659DCE009660D1 /* LCActionSheet */,
				A50620311C157B5000195DCF /* navigationTool */,
				A55232701C04716800A0AA2A /* weixin */,
				A59355231BD785330044E7B3 /* Models */,
				A593550F1BD66EC00044E7B3 /* LayoutTools */,
				A593550E1BD66EB00044E7B3 /* ViewControllers */,
				A5CEE6271BD0DB3C00AAF122 /* Main.storyboard */,
				A59354CE1BD5C5320044E7B3 /* SupportingFiles */,
				A5CEE62F1BD0DB3C00AAF122 /* Info.plist */,
			);
			path = "hiwu-ios";
			sourceTree = "<group>";
		};
		A5CEE6641BD0DC1600AAF122 /* Products */ = {
			isa = PBXGroup;
			children = (
				A5CEE66A1BD0DC1600AAF122 /* Kingfisher-Demo.app */,
				A5CEE66C1BD0DC1600AAF122 /* Kingfisher.framework */,
				A5CEE66E1BD0DC1600AAF122 /* KingfisherTests.xctest */,
			);
			name = Products;
			sourceTree = "<group>";
		};
		A5CEE6761BD0DC2000AAF122 /* Products */ = {
			isa = PBXGroup;
			children = (
				A5CEE67E1BD0DC2000AAF122 /* SwiftyJSON.framework */,
				A5CEE6801BD0DC2000AAF122 /* SwiftyJSON iOS Tests.xctest */,
				A5CEE6821BD0DC2000AAF122 /* SwiftyJSON.framework */,
				A5CEE6841BD0DC2000AAF122 /* SwiftyJSON OSX Tests.xctest */,
				A5CEE6861BD0DC2000AAF122 /* SwiftyJSON.framework */,
			);
			name = Products;
			sourceTree = "<group>";
		};
		A5EF35521C66267C00F61BB0 /* SCLAlertView */ = {
			isa = PBXGroup;
			children = (
				A5EF35531C66267C00F61BB0 /* SCLAlertView.h */,
				A5EF35541C66267C00F61BB0 /* SCLAlertView.m */,
				A5EF35551C66267C00F61BB0 /* SCLAlertViewResponder.h */,
				A5EF35561C66267C00F61BB0 /* SCLAlertViewResponder.m */,
				A5EF35571C66267C00F61BB0 /* SCLAlertViewStyleKit.h */,
				A5EF35581C66267C00F61BB0 /* SCLAlertViewStyleKit.m */,
				A5EF35591C66267C00F61BB0 /* SCLButton.h */,
				A5EF355A1C66267C00F61BB0 /* SCLButton.m */,
				A5EF355B1C66267C00F61BB0 /* SCLMacros.h */,
				A5EF355C1C66267C00F61BB0 /* SCLTextView.h */,
				A5EF355D1C66267C00F61BB0 /* SCLTextView.m */,
				A5EF355E1C66267C00F61BB0 /* SCLTimerDisplay.h */,
				A5EF355F1C66267C00F61BB0 /* SCLTimerDisplay.m */,
				A5EF35601C66267C00F61BB0 /* UIImage+ImageEffects.h */,
				A5EF35611C66267C00F61BB0 /* UIImage+ImageEffects.m */,
			);
			name = SCLAlertView;
			path = Libs/SCLAlertView;
			sourceTree = SOURCE_ROOT;
		};
		A5EF35771C6652AD00F61BB0 /* UIScrollView+EmptyDataSet */ = {
			isa = PBXGroup;
			children = (
				A5EF35781C6652AD00F61BB0 /* UIScrollView+EmptyDataSet.h */,
				A5EF35791C6652AD00F61BB0 /* UIScrollView+EmptyDataSet.m */,
			);
			name = "UIScrollView+EmptyDataSet";
			path = "Libs/UIScrollView+EmptyDataSet";
			sourceTree = SOURCE_ROOT;
		};
/* End PBXGroup section */

/* Begin PBXNativeTarget section */
		A5CEE61F1BD0DB3C00AAF122 /* hiwu-ios */ = {
			isa = PBXNativeTarget;
			buildConfigurationList = A5CEE6481BD0DB3C00AAF122 /* Build configuration list for PBXNativeTarget "hiwu-ios" */;
			buildPhases = (
				A5CEE61C1BD0DB3C00AAF122 /* Sources */,
				A5CEE61D1BD0DB3C00AAF122 /* Frameworks */,
				A5CEE61E1BD0DB3C00AAF122 /* Resources */,
				A5CEE68B1BD0DC3100AAF122 /* Embed Frameworks */,
				A5BEE4AB1C64CDA100F5B610 /* Embed PlugIns */,
			);
			buildRules = (
			);
			dependencies = (
				A5CEE68A1BD0DC3000AAF122 /* PBXTargetDependency */,
				A5CEE6921BD0DC4500AAF122 /* PBXTargetDependency */,
				A552326D1C0467AB00A0AA2A /* PBXTargetDependency */,
			);
			name = "hiwu-ios";
			productName = "hiwu-ios";
			productReference = A5CEE6201BD0DB3C00AAF122 /* hiwu-ios.app */;
			productType = "com.apple.product-type.application";
		};
		A5CEE6331BD0DB3C00AAF122 /* hiwu-iosTests */ = {
			isa = PBXNativeTarget;
			buildConfigurationList = A5CEE64B1BD0DB3C00AAF122 /* Build configuration list for PBXNativeTarget "hiwu-iosTests" */;
			buildPhases = (
				A5CEE6301BD0DB3C00AAF122 /* Sources */,
				A5CEE6311BD0DB3C00AAF122 /* Frameworks */,
				A5CEE6321BD0DB3C00AAF122 /* Resources */,
			);
			buildRules = (
			);
			dependencies = (
				A5CEE6361BD0DB3C00AAF122 /* PBXTargetDependency */,
			);
			name = "hiwu-iosTests";
			productName = "hiwu-iosTests";
			productReference = A5CEE6341BD0DB3C00AAF122 /* hiwu-iosTests.xctest */;
			productType = "com.apple.product-type.bundle.unit-test";
		};
		A5CEE63E1BD0DB3C00AAF122 /* hiwu-iosUITests */ = {
			isa = PBXNativeTarget;
			buildConfigurationList = A5CEE64E1BD0DB3C00AAF122 /* Build configuration list for PBXNativeTarget "hiwu-iosUITests" */;
			buildPhases = (
				A5CEE63B1BD0DB3C00AAF122 /* Sources */,
				A5CEE63C1BD0DB3C00AAF122 /* Frameworks */,
				A5CEE63D1BD0DB3C00AAF122 /* Resources */,
			);
			buildRules = (
			);
			dependencies = (
				A5CEE6411BD0DB3C00AAF122 /* PBXTargetDependency */,
			);
			name = "hiwu-iosUITests";
			productName = "hiwu-iosUITests";
			productReference = A5CEE63F1BD0DB3C00AAF122 /* hiwu-iosUITests.xctest */;
			productType = "com.apple.product-type.bundle.ui-testing";
		};
/* End PBXNativeTarget section */

/* Begin PBXProject section */
		A5CEE6181BD0DB3C00AAF122 /* Project object */ = {
			isa = PBXProject;
			attributes = {
				LastSwiftUpdateCheck = 0710;
				LastUpgradeCheck = 0700;
				ORGANIZATIONNAME = "Shanghai Hiwu Information Technology Co., Ltd.";
				TargetAttributes = {
					A5CEE61F1BD0DB3C00AAF122 = {
						CreatedOnToolsVersion = 7.0.1;
						DevelopmentTeam = EUPLVJ7RC4;
					};
					A5CEE6331BD0DB3C00AAF122 = {
						CreatedOnToolsVersion = 7.0.1;
						TestTargetID = A5CEE61F1BD0DB3C00AAF122;
					};
					A5CEE63E1BD0DB3C00AAF122 = {
						CreatedOnToolsVersion = 7.0.1;
						TestTargetID = A5CEE61F1BD0DB3C00AAF122;
					};
				};
			};
			buildConfigurationList = A5CEE61B1BD0DB3C00AAF122 /* Build configuration list for PBXProject "hiwu-ios" */;
			compatibilityVersion = "Xcode 3.2";
			developmentRegion = English;
			hasScannedForEncodings = 0;
			knownRegions = (
				en,
				Base,
			);
			mainGroup = A5CEE6171BD0DB3C00AAF122;
			productRefGroup = A5CEE6211BD0DB3C00AAF122 /* Products */;
			projectDirPath = "";
			projectReferences = (
				{
					ProductGroup = A55232531C04679C00A0AA2A /* Products */;
					ProjectRef = A55232521C04679C00A0AA2A /* Alamofire.xcodeproj */;
				},
				{
					ProductGroup = A5CEE6641BD0DC1600AAF122 /* Products */;
					ProjectRef = A5CEE6631BD0DC1600AAF122 /* Kingfisher.xcodeproj */;
				},
				{
					ProductGroup = A5CEE6761BD0DC2000AAF122 /* Products */;
					ProjectRef = A5CEE6751BD0DC2000AAF122 /* SwiftyJSON.xcodeproj */;
				},
			);
			projectRoot = "";
			targets = (
				A5CEE61F1BD0DB3C00AAF122 /* hiwu-ios */,
				A5CEE6331BD0DB3C00AAF122 /* hiwu-iosTests */,
				A5CEE63E1BD0DB3C00AAF122 /* hiwu-iosUITests */,
			);
		};
/* End PBXProject section */

/* Begin PBXReferenceProxy section */
		A552325D1C04679D00A0AA2A /* Alamofire.framework */ = {
			isa = PBXReferenceProxy;
			fileType = wrapper.framework;
			path = Alamofire.framework;
			remoteRef = A552325C1C04679D00A0AA2A /* PBXContainerItemProxy */;
			sourceTree = BUILT_PRODUCTS_DIR;
		};
		A552325F1C04679D00A0AA2A /* Alamofire iOS Tests.xctest */ = {
			isa = PBXReferenceProxy;
			fileType = wrapper.cfbundle;
			path = "Alamofire iOS Tests.xctest";
			remoteRef = A552325E1C04679D00A0AA2A /* PBXContainerItemProxy */;
			sourceTree = BUILT_PRODUCTS_DIR;
		};
		A55232611C04679D00A0AA2A /* Alamofire.framework */ = {
			isa = PBXReferenceProxy;
			fileType = wrapper.framework;
			path = Alamofire.framework;
			remoteRef = A55232601C04679D00A0AA2A /* PBXContainerItemProxy */;
			sourceTree = BUILT_PRODUCTS_DIR;
		};
		A55232631C04679D00A0AA2A /* Alamofire OSX Tests.xctest */ = {
			isa = PBXReferenceProxy;
			fileType = wrapper.cfbundle;
			path = "Alamofire OSX Tests.xctest";
			remoteRef = A55232621C04679D00A0AA2A /* PBXContainerItemProxy */;
			sourceTree = BUILT_PRODUCTS_DIR;
		};
		A55232651C04679D00A0AA2A /* Alamofire.framework */ = {
			isa = PBXReferenceProxy;
			fileType = wrapper.framework;
			path = Alamofire.framework;
			remoteRef = A55232641C04679D00A0AA2A /* PBXContainerItemProxy */;
			sourceTree = BUILT_PRODUCTS_DIR;
		};
		A55232671C04679D00A0AA2A /* Alamofire tvOS Tests.xctest */ = {
			isa = PBXReferenceProxy;
			fileType = wrapper.cfbundle;
			path = "Alamofire tvOS Tests.xctest";
			remoteRef = A55232661C04679D00A0AA2A /* PBXContainerItemProxy */;
			sourceTree = BUILT_PRODUCTS_DIR;
		};
		A55232691C04679D00A0AA2A /* Alamofire.framework */ = {
			isa = PBXReferenceProxy;
			fileType = wrapper.framework;
			path = Alamofire.framework;
			remoteRef = A55232681C04679D00A0AA2A /* PBXContainerItemProxy */;
			sourceTree = BUILT_PRODUCTS_DIR;
		};
		A5CEE66A1BD0DC1600AAF122 /* Kingfisher-Demo.app */ = {
			isa = PBXReferenceProxy;
			fileType = wrapper.application;
			path = "Kingfisher-Demo.app";
			remoteRef = A5CEE6691BD0DC1600AAF122 /* PBXContainerItemProxy */;
			sourceTree = BUILT_PRODUCTS_DIR;
		};
		A5CEE66C1BD0DC1600AAF122 /* Kingfisher.framework */ = {
			isa = PBXReferenceProxy;
			fileType = wrapper.framework;
			path = Kingfisher.framework;
			remoteRef = A5CEE66B1BD0DC1600AAF122 /* PBXContainerItemProxy */;
			sourceTree = BUILT_PRODUCTS_DIR;
		};
		A5CEE66E1BD0DC1600AAF122 /* KingfisherTests.xctest */ = {
			isa = PBXReferenceProxy;
			fileType = wrapper.cfbundle;
			path = KingfisherTests.xctest;
			remoteRef = A5CEE66D1BD0DC1600AAF122 /* PBXContainerItemProxy */;
			sourceTree = BUILT_PRODUCTS_DIR;
		};
		A5CEE67E1BD0DC2000AAF122 /* SwiftyJSON.framework */ = {
			isa = PBXReferenceProxy;
			fileType = wrapper.framework;
			path = SwiftyJSON.framework;
			remoteRef = A5CEE67D1BD0DC2000AAF122 /* PBXContainerItemProxy */;
			sourceTree = BUILT_PRODUCTS_DIR;
		};
		A5CEE6801BD0DC2000AAF122 /* SwiftyJSON iOS Tests.xctest */ = {
			isa = PBXReferenceProxy;
			fileType = wrapper.cfbundle;
			path = "SwiftyJSON iOS Tests.xctest";
			remoteRef = A5CEE67F1BD0DC2000AAF122 /* PBXContainerItemProxy */;
			sourceTree = BUILT_PRODUCTS_DIR;
		};
		A5CEE6821BD0DC2000AAF122 /* SwiftyJSON.framework */ = {
			isa = PBXReferenceProxy;
			fileType = wrapper.framework;
			path = SwiftyJSON.framework;
			remoteRef = A5CEE6811BD0DC2000AAF122 /* PBXContainerItemProxy */;
			sourceTree = BUILT_PRODUCTS_DIR;
		};
		A5CEE6841BD0DC2000AAF122 /* SwiftyJSON OSX Tests.xctest */ = {
			isa = PBXReferenceProxy;
			fileType = wrapper.cfbundle;
			path = "SwiftyJSON OSX Tests.xctest";
			remoteRef = A5CEE6831BD0DC2000AAF122 /* PBXContainerItemProxy */;
			sourceTree = BUILT_PRODUCTS_DIR;
		};
		A5CEE6861BD0DC2000AAF122 /* SwiftyJSON.framework */ = {
			isa = PBXReferenceProxy;
			fileType = wrapper.framework;
			path = SwiftyJSON.framework;
			remoteRef = A5CEE6851BD0DC2000AAF122 /* PBXContainerItemProxy */;
			sourceTree = BUILT_PRODUCTS_DIR;
		};
/* End PBXReferenceProxy section */

/* Begin PBXResourcesBuildPhase section */
		A5CEE61E1BD0DB3C00AAF122 /* Resources */ = {
			isa = PBXResourcesBuildPhase;
			buildActionMask = 2147483647;
			files = (
				A5CEE62B1BD0DB3C00AAF122 /* Assets.xcassets in Resources */,
				A5CEE6291BD0DB3C00AAF122 /* Main.storyboard in Resources */,
				A5C5D9471C6715EA00164093 /* JGProgressHUD Resources.bundle in Resources */,
				A5799ED21C659DCE009660D1 /* LCActionSheet.bundle in Resources */,
				A56312121C9FC0580002FF5E /* WeiboSDK.bundle in Resources */,
				A5C5D92A1C66753900164093 /* Launch Screen.storyboard in Resources */,
				A58270ED1C885E9000F13713 /* .gitkeep in Resources */,
			);
			runOnlyForDeploymentPostprocessing = 0;
		};
		A5CEE6321BD0DB3C00AAF122 /* Resources */ = {
			isa = PBXResourcesBuildPhase;
			buildActionMask = 2147483647;
			files = (
			);
			runOnlyForDeploymentPostprocessing = 0;
		};
		A5CEE63D1BD0DB3C00AAF122 /* Resources */ = {
			isa = PBXResourcesBuildPhase;
			buildActionMask = 2147483647;
			files = (
			);
			runOnlyForDeploymentPostprocessing = 0;
		};
/* End PBXResourcesBuildPhase section */

/* Begin PBXSourcesBuildPhase section */
		A5CEE61C1BD0DB3C00AAF122 /* Sources */ = {
			isa = PBXSourcesBuildPhase;
			buildActionMask = 2147483647;
			files = (
				A58270EE1C885E9000F13713 /* JMActionSheet.m in Sources */,
				A59355111BD672480044E7B3 /* TodayVC.swift in Sources */,
				A58270F51C885E9000F13713 /* JMActionSheetImagesItem.m in Sources */,
				A59355181BD782100044E7B3 /* ContactWithServer.swift in Sources */,
				A58270FE1C885E9000F13713 /* UIView+JMActionSheet.m in Sources */,
				A593553F1BD7B1440044E7B3 /* SelfMuseumVC.swift in Sources */,
				A593552D1BD7983F0044E7B3 /* ApiManager.swift in Sources */,
				A5EF357A1C6652AD00F61BB0 /* UIScrollView+EmptyDataSet.m in Sources */,
				A56311BE1C9831070002FF5E /* JMCollectionItem.m in Sources */,
				A5C5D94A1C6715EA00164093 /* JGProgressHUDErrorIndicatorView.m in Sources */,
				A51908AF1C106E4C0018039A /* idFinder.swift in Sources */,
				A58270F41C885E9000F13713 /* JMActionSheetImageItem.m in Sources */,
				A5C5D94C1C6715EA00164093 /* JGProgressHUDFadeZoomAnimation.m in Sources */,
				A593550D1BD66EA90044E7B3 /* TodayGalleryCT.swift in Sources */,
				A58270F81C885E9000F13713 /* JMActionSheetPickerItem.m in Sources */,
				A5BFFD141BE4D2A100D5A866 /* ItemDetailVC.swift in Sources */,
				A5C5D9521C6715EA00164093 /* JGProgressHUDSuccessIndicatorView.m in Sources */,
				A5BEE4811C638A2400F5B610 /* FeedbackVC.swift in Sources */,
				A58270F01C885E9000F13713 /* JMActionSheetCollectionItem.m in Sources */,
				A56311B21C96B3640002FF5E /* JGActionSheet.m in Sources */,
				A5BEE4861C63964900F5B610 /* BRPlaceholderTextView.m in Sources */,
				A58270EF1C885E9000F13713 /* JMActionSheetCollectionImageCell.m in Sources */,
				A534BE951C0EC9FF00770171 /* GuidePage.swift in Sources */,
				A58270FD1C885E9000F13713 /* JMPickerActionSheet.m in Sources */,
				A5EF35621C66267C00F61BB0 /* SCLAlertView.m in Sources */,
				A5C5D94F1C6715EA00164093 /* JGProgressHUDIndicatorView.m in Sources */,
				A58270F71C885E9000F13713 /* JMActionSheetItemControl.m in Sources */,
				A593554B1BD7D1370044E7B3 /* SelfGalleryCT.swift in Sources */,
				A5EF35681C66267C00F61BB0 /* UIImage+ImageEffects.m in Sources */,
				A58270FA1C885E9000F13713 /* JMActionSheetViewController+PickerViewItem.m in Sources */,
				A5BEE4891C63B00C00F5B610 /* MBProgressHUD.m in Sources */,
				A5C5D9511C6715EA00164093 /* JGProgressHUDRingIndicatorView.m in Sources */,
				A58270F11C885E9000F13713 /* JMActionSheetCollectionItemCell.m in Sources */,
				A534BE971C0F23CD00770171 /* AddGalleryVC.swift in Sources */,
				A5BFFD581BE8E7C800D5A866 /* LoginProtocol.swift in Sources */,
				A5CEE6241BD0DB3C00AAF122 /* AppDelegate.swift in Sources */,
				A59354C31BD5C4FD0044E7B3 /* LaunchScreen.swift in Sources */,
				A58270F31C885E9000F13713 /* JMActionSheetDescription.m in Sources */,
				A5EF35631C66267C00F61BB0 /* SCLAlertViewResponder.m in Sources */,
				A58270F61C885E9000F13713 /* JMActionSheetItem.m in Sources */,
				A5EF35641C66267C00F61BB0 /* SCLAlertViewStyleKit.m in Sources */,
				A5C5D9491C6715EA00164093 /* JGProgressHUDAnimation.m in Sources */,
				A5C5D9481C6715EA00164093 /* JGProgressHUD.m in Sources */,
				A56311D21C9ADEAA0002FF5E /* NotificationVC.swift in Sources */,
				A5BEE4731C638A0400F5B610 /* EditDescriptionVC.swift in Sources */,
				A5799ED31C659DCE009660D1 /* LCActionSheet.m in Sources */,
				A5EF35651C66267C00F61BB0 /* SCLButton.m in Sources */,
				A5EF35671C66267C00F61BB0 /* SCLTimerDisplay.m in Sources */,
				A5B33DE91C4B7DE700565972 /* AllTodaysVC.swift in Sources */,
				A50620411C157B7D00195DCF /* UINavigationController+FDFullscreenPopGesture.m in Sources */,
				A5EB70AD1BE38AD20075D559 /* GalleryDetailVC.swift in Sources */,
				A58270F21C885E9000F13713 /* JMActionSheetCollectionViewController.m in Sources */,
				A5C5D94D1C6715EA00164093 /* JGProgressHUDImageIndicatorView.m in Sources */,
				A59355251BD7854B0044E7B3 /* UserModel.swift in Sources */,
				A58270FB1C885E9000F13713 /* JMActionSheetViewController.m in Sources */,
				A5C5D94B1C6715EA00164093 /* JGProgressHUDFadeAnimation.m in Sources */,
				A5EF35661C66267C00F61BB0 /* SCLTextView.m in Sources */,
				A55C94381C5DA9FD004367B0 /* EditNameVC.swift in Sources */,
				A5C5D9501C6715EA00164093 /* JGProgressHUDPieIndicatorView.m in Sources */,
				A58270B91C880B8400F13713 /* ServerContactorDelegates.swift in Sources */,
				A5C5D94E1C6715EA00164093 /* JGProgressHUDIndeterminateIndicatorView.m in Sources */,
				A593550B1BD669080044E7B3 /* LoginVC.swift in Sources */,
				A58270FC1C885E9000F13713 /* JMImagesActionSheet.m in Sources */,
				A5132BBE1BDBB5EA00B4C3DB /* AddItemVC.swift in Sources */,
				A5B33DCA1C4A432B00565972 /* SettingVC.swift in Sources */,
				A58270F91C885E9000F13713 /* JMActionSheetViewController+CollectionView.m in Sources */,
			);
			runOnlyForDeploymentPostprocessing = 0;
		};
		A5CEE6301BD0DB3C00AAF122 /* Sources */ = {
			isa = PBXSourcesBuildPhase;
			buildActionMask = 2147483647;
			files = (
			);
			runOnlyForDeploymentPostprocessing = 0;
		};
		A5CEE63B1BD0DB3C00AAF122 /* Sources */ = {
			isa = PBXSourcesBuildPhase;
			buildActionMask = 2147483647;
			files = (
			);
			runOnlyForDeploymentPostprocessing = 0;
		};
/* End PBXSourcesBuildPhase section */

/* Begin PBXTargetDependency section */
		A552326D1C0467AB00A0AA2A /* PBXTargetDependency */ = {
			isa = PBXTargetDependency;
			name = "Alamofire iOS";
			targetProxy = A552326C1C0467AB00A0AA2A /* PBXContainerItemProxy */;
		};
		A5CEE6361BD0DB3C00AAF122 /* PBXTargetDependency */ = {
			isa = PBXTargetDependency;
			target = A5CEE61F1BD0DB3C00AAF122 /* hiwu-ios */;
			targetProxy = A5CEE6351BD0DB3C00AAF122 /* PBXContainerItemProxy */;
		};
		A5CEE6411BD0DB3C00AAF122 /* PBXTargetDependency */ = {
			isa = PBXTargetDependency;
			target = A5CEE61F1BD0DB3C00AAF122 /* hiwu-ios */;
			targetProxy = A5CEE6401BD0DB3C00AAF122 /* PBXContainerItemProxy */;
		};
		A5CEE68A1BD0DC3000AAF122 /* PBXTargetDependency */ = {
			isa = PBXTargetDependency;
			name = "SwiftyJSON iOS";
			targetProxy = A5CEE6891BD0DC3000AAF122 /* PBXContainerItemProxy */;
		};
		A5CEE6921BD0DC4500AAF122 /* PBXTargetDependency */ = {
			isa = PBXTargetDependency;
			name = Kingfisher;
			targetProxy = A5CEE6911BD0DC4500AAF122 /* PBXContainerItemProxy */;
		};
/* End PBXTargetDependency section */

/* Begin PBXVariantGroup section */
		A5CEE6271BD0DB3C00AAF122 /* Main.storyboard */ = {
			isa = PBXVariantGroup;
			children = (
				A5CEE6281BD0DB3C00AAF122 /* Base */,
			);
			name = Main.storyboard;
			sourceTree = "<group>";
		};
/* End PBXVariantGroup section */

/* Begin XCBuildConfiguration section */
		A5CEE6461BD0DB3C00AAF122 /* Debug */ = {
			isa = XCBuildConfiguration;
			buildSettings = {
				ALWAYS_SEARCH_USER_PATHS = NO;
				CLANG_CXX_LANGUAGE_STANDARD = "gnu++0x";
				CLANG_CXX_LIBRARY = "libc++";
				CLANG_ENABLE_MODULES = YES;
				CLANG_ENABLE_OBJC_ARC = YES;
				CLANG_WARN_BOOL_CONVERSION = YES;
				CLANG_WARN_CONSTANT_CONVERSION = YES;
				CLANG_WARN_DIRECT_OBJC_ISA_USAGE = YES_ERROR;
				CLANG_WARN_EMPTY_BODY = YES;
				CLANG_WARN_ENUM_CONVERSION = YES;
				CLANG_WARN_INT_CONVERSION = YES;
				CLANG_WARN_OBJC_ROOT_CLASS = YES_ERROR;
				CLANG_WARN_UNREACHABLE_CODE = YES;
				CLANG_WARN__DUPLICATE_METHOD_MATCH = YES;
				"CODE_SIGN_IDENTITY[sdk=iphoneos*]" = "iPhone Developer";
				COPY_PHASE_STRIP = NO;
				DEBUG_INFORMATION_FORMAT = dwarf;
				ENABLE_STRICT_OBJC_MSGSEND = YES;
				ENABLE_TESTABILITY = YES;
				GCC_C_LANGUAGE_STANDARD = gnu99;
				GCC_DYNAMIC_NO_PIC = NO;
				GCC_NO_COMMON_BLOCKS = YES;
				GCC_OPTIMIZATION_LEVEL = 0;
				GCC_PREPROCESSOR_DEFINITIONS = (
					"DEBUG=1",
					"$(inherited)",
				);
				GCC_WARN_64_TO_32_BIT_CONVERSION = YES;
				GCC_WARN_ABOUT_RETURN_TYPE = YES_ERROR;
				GCC_WARN_UNDECLARED_SELECTOR = YES;
				GCC_WARN_UNINITIALIZED_AUTOS = YES_AGGRESSIVE;
				GCC_WARN_UNUSED_FUNCTION = YES;
				GCC_WARN_UNUSED_VARIABLE = YES;
				IPHONEOS_DEPLOYMENT_TARGET = 9.0;
				MTL_ENABLE_DEBUG_INFO = YES;
				ONLY_ACTIVE_ARCH = YES;
				SDKROOT = iphoneos;
				SWIFT_OPTIMIZATION_LEVEL = "-Onone";
				TARGETED_DEVICE_FAMILY = "1,2";
			};
			name = Debug;
		};
		A5CEE6471BD0DB3C00AAF122 /* Release */ = {
			isa = XCBuildConfiguration;
			buildSettings = {
				ALWAYS_SEARCH_USER_PATHS = NO;
				CLANG_CXX_LANGUAGE_STANDARD = "gnu++0x";
				CLANG_CXX_LIBRARY = "libc++";
				CLANG_ENABLE_MODULES = YES;
				CLANG_ENABLE_OBJC_ARC = YES;
				CLANG_WARN_BOOL_CONVERSION = YES;
				CLANG_WARN_CONSTANT_CONVERSION = YES;
				CLANG_WARN_DIRECT_OBJC_ISA_USAGE = YES_ERROR;
				CLANG_WARN_EMPTY_BODY = YES;
				CLANG_WARN_ENUM_CONVERSION = YES;
				CLANG_WARN_INT_CONVERSION = YES;
				CLANG_WARN_OBJC_ROOT_CLASS = YES_ERROR;
				CLANG_WARN_UNREACHABLE_CODE = YES;
				CLANG_WARN__DUPLICATE_METHOD_MATCH = YES;
				"CODE_SIGN_IDENTITY[sdk=iphoneos*]" = "iPhone Developer";
				COPY_PHASE_STRIP = NO;
				DEBUG_INFORMATION_FORMAT = "dwarf-with-dsym";
				ENABLE_NS_ASSERTIONS = NO;
				ENABLE_STRICT_OBJC_MSGSEND = YES;
				GCC_C_LANGUAGE_STANDARD = gnu99;
				GCC_NO_COMMON_BLOCKS = YES;
				GCC_WARN_64_TO_32_BIT_CONVERSION = YES;
				GCC_WARN_ABOUT_RETURN_TYPE = YES_ERROR;
				GCC_WARN_UNDECLARED_SELECTOR = YES;
				GCC_WARN_UNINITIALIZED_AUTOS = YES_AGGRESSIVE;
				GCC_WARN_UNUSED_FUNCTION = YES;
				GCC_WARN_UNUSED_VARIABLE = YES;
				IPHONEOS_DEPLOYMENT_TARGET = 9.0;
				MTL_ENABLE_DEBUG_INFO = NO;
				SDKROOT = iphoneos;
				TARGETED_DEVICE_FAMILY = "1,2";
				VALIDATE_PRODUCT = YES;
			};
			name = Release;
		};
		A5CEE6491BD0DB3C00AAF122 /* Debug */ = {
			isa = XCBuildConfiguration;
			buildSettings = {
				ASSETCATALOG_COMPILER_APPICON_NAME = AppIcon;
				CLANG_ENABLE_MODULES = YES;
				CODE_SIGN_IDENTITY = "iPhone Developer";
				EMBEDDED_CONTENT_CONTAINS_SWIFT = YES;
				ENABLE_BITCODE = NO;
				INFOPLIST_FILE = "hiwu-ios/Info.plist";
				IPHONEOS_DEPLOYMENT_TARGET = 8.0;
				LD_RUNPATH_SEARCH_PATHS = "$(inherited) @executable_path/Frameworks";
				LIBRARY_SEARCH_PATHS = (
					"$(inherited)",
					"$(PROJECT_DIR)/Libs/SDK1.6.2",
					"$(PROJECT_DIR)/Libs/libWeiboSDK",
				);
				OTHER_LDFLAGS = "-ObjC";
				PRODUCT_BUNDLE_IDENTIFIER = "ren.hiwu.hiwu-ios";
				PRODUCT_NAME = "$(TARGET_NAME)";
				SWIFT_OBJC_BRIDGING_HEADER = "hiwu-ios/WechatDemo_Bridging_Header.h";
				"SWIFT_OBJC_BRIDGING_HEADER[arch=*]" = "hiwu-ios/WechatDemo_Bridging_Header.h";
				SWIFT_OPTIMIZATION_LEVEL = "-Onone";
				TARGETED_DEVICE_FAMILY = 1;
			};
			name = Debug;
		};
		A5CEE64A1BD0DB3C00AAF122 /* Release */ = {
			isa = XCBuildConfiguration;
			buildSettings = {
				ASSETCATALOG_COMPILER_APPICON_NAME = AppIcon;
				CLANG_ENABLE_MODULES = YES;
				CODE_SIGN_IDENTITY = "iPhone Developer";
				EMBEDDED_CONTENT_CONTAINS_SWIFT = YES;
				ENABLE_BITCODE = NO;
				INFOPLIST_FILE = "hiwu-ios/Info.plist";
				IPHONEOS_DEPLOYMENT_TARGET = 8.0;
				LD_RUNPATH_SEARCH_PATHS = "$(inherited) @executable_path/Frameworks";
				LIBRARY_SEARCH_PATHS = (
					"$(inherited)",
					"$(PROJECT_DIR)/Libs/SDK1.6.2",
					"$(PROJECT_DIR)/Libs/libWeiboSDK",
				);
				OTHER_LDFLAGS = "-ObjC";
				PRODUCT_BUNDLE_IDENTIFIER = "ren.hiwu.hiwu-ios";
				PRODUCT_NAME = "$(TARGET_NAME)";
				SWIFT_OBJC_BRIDGING_HEADER = "hiwu-ios/WechatDemo_Bridging_Header.h";
				"SWIFT_OBJC_BRIDGING_HEADER[arch=*]" = "hiwu-ios/WechatDemo_Bridging_Header.h";
				TARGETED_DEVICE_FAMILY = 1;
			};
			name = Release;
		};
		A5CEE64C1BD0DB3C00AAF122 /* Debug */ = {
			isa = XCBuildConfiguration;
			buildSettings = {
				BUNDLE_LOADER = "$(TEST_HOST)";
				INFOPLIST_FILE = "hiwu-iosTests/Info.plist";
				LD_RUNPATH_SEARCH_PATHS = "$(inherited) @executable_path/Frameworks @loader_path/Frameworks";
				PRODUCT_BUNDLE_IDENTIFIER = "ren.hiwu.hiwu-iosTests";
				PRODUCT_NAME = "$(TARGET_NAME)";
				TEST_HOST = "$(BUILT_PRODUCTS_DIR)/hiwu-ios.app/hiwu-ios";
			};
			name = Debug;
		};
		A5CEE64D1BD0DB3C00AAF122 /* Release */ = {
			isa = XCBuildConfiguration;
			buildSettings = {
				BUNDLE_LOADER = "$(TEST_HOST)";
				INFOPLIST_FILE = "hiwu-iosTests/Info.plist";
				LD_RUNPATH_SEARCH_PATHS = "$(inherited) @executable_path/Frameworks @loader_path/Frameworks";
				PRODUCT_BUNDLE_IDENTIFIER = "ren.hiwu.hiwu-iosTests";
				PRODUCT_NAME = "$(TARGET_NAME)";
				TEST_HOST = "$(BUILT_PRODUCTS_DIR)/hiwu-ios.app/hiwu-ios";
			};
			name = Release;
		};
		A5CEE64F1BD0DB3C00AAF122 /* Debug */ = {
			isa = XCBuildConfiguration;
			buildSettings = {
				INFOPLIST_FILE = "hiwu-iosUITests/Info.plist";
				LD_RUNPATH_SEARCH_PATHS = "$(inherited) @executable_path/Frameworks @loader_path/Frameworks";
				PRODUCT_BUNDLE_IDENTIFIER = "ren.hiwu.hiwu-iosUITests";
				PRODUCT_NAME = "$(TARGET_NAME)";
				TEST_TARGET_NAME = "hiwu-ios";
				USES_XCTRUNNER = YES;
			};
			name = Debug;
		};
		A5CEE6501BD0DB3C00AAF122 /* Release */ = {
			isa = XCBuildConfiguration;
			buildSettings = {
				INFOPLIST_FILE = "hiwu-iosUITests/Info.plist";
				LD_RUNPATH_SEARCH_PATHS = "$(inherited) @executable_path/Frameworks @loader_path/Frameworks";
				PRODUCT_BUNDLE_IDENTIFIER = "ren.hiwu.hiwu-iosUITests";
				PRODUCT_NAME = "$(TARGET_NAME)";
				TEST_TARGET_NAME = "hiwu-ios";
				USES_XCTRUNNER = YES;
			};
			name = Release;
		};
/* End XCBuildConfiguration section */

/* Begin XCConfigurationList section */
		A5CEE61B1BD0DB3C00AAF122 /* Build configuration list for PBXProject "hiwu-ios" */ = {
			isa = XCConfigurationList;
			buildConfigurations = (
				A5CEE6461BD0DB3C00AAF122 /* Debug */,
				A5CEE6471BD0DB3C00AAF122 /* Release */,
			);
			defaultConfigurationIsVisible = 0;
			defaultConfigurationName = Release;
		};
		A5CEE6481BD0DB3C00AAF122 /* Build configuration list for PBXNativeTarget "hiwu-ios" */ = {
			isa = XCConfigurationList;
			buildConfigurations = (
				A5CEE6491BD0DB3C00AAF122 /* Debug */,
				A5CEE64A1BD0DB3C00AAF122 /* Release */,
			);
			defaultConfigurationIsVisible = 0;
			defaultConfigurationName = Release;
		};
		A5CEE64B1BD0DB3C00AAF122 /* Build configuration list for PBXNativeTarget "hiwu-iosTests" */ = {
			isa = XCConfigurationList;
			buildConfigurations = (
				A5CEE64C1BD0DB3C00AAF122 /* Debug */,
				A5CEE64D1BD0DB3C00AAF122 /* Release */,
			);
			defaultConfigurationIsVisible = 0;
			defaultConfigurationName = Release;
		};
		A5CEE64E1BD0DB3C00AAF122 /* Build configuration list for PBXNativeTarget "hiwu-iosUITests" */ = {
			isa = XCConfigurationList;
			buildConfigurations = (
				A5CEE64F1BD0DB3C00AAF122 /* Debug */,
				A5CEE6501BD0DB3C00AAF122 /* Release */,
			);
			defaultConfigurationIsVisible = 0;
			defaultConfigurationName = Release;
		};
/* End XCConfigurationList section */
	};
	rootObject = A5CEE6181BD0DB3C00AAF122 /* Project object */;
}
